// !$*UTF8*$!
{
	archiveVersion = 1;
	classes = {
	};
	objectVersion = 46;
	objects = {

/* Begin PBXBuildFile section */
		040E756522ADD72300E4B1F7 /* GamemodeClassic.storyboard in Resources */ = {isa = PBXBuildFile; fileRef = 040E756422ADD72200E4B1F7 /* GamemodeClassic.storyboard */; };
		040E756722ADDB0900E4B1F7 /* ViewControllerHome.swift in Sources */ = {isa = PBXBuildFile; fileRef = 040E756622ADDB0900E4B1F7 /* ViewControllerHome.swift */; };
		040E756D22AF49C200E4B1F7 /* GamemodeSelection.storyboard in Resources */ = {isa = PBXBuildFile; fileRef = 040E756C22AF49C200E4B1F7 /* GamemodeSelection.storyboard */; };
		040E756F22AF49D700E4B1F7 /* ViewControllerGamemodeSelection.swift in Sources */ = {isa = PBXBuildFile; fileRef = 040E756E22AF49D700E4B1F7 /* ViewControllerGamemodeSelection.swift */; };
		040E757222AF4CF500E4B1F7 /* GameSettings.storyboard in Resources */ = {isa = PBXBuildFile; fileRef = 040E757122AF4CF500E4B1F7 /* GameSettings.storyboard */; };
		040E757422AF4D2500E4B1F7 /* ViewControllerGameSettings.swift in Sources */ = {isa = PBXBuildFile; fileRef = 040E757322AF4D2500E4B1F7 /* ViewControllerGameSettings.swift */; };
		040E757622AF4E1600E4B1F7 /* Tutorial.storyboard in Resources */ = {isa = PBXBuildFile; fileRef = 040E757522AF4E1600E4B1F7 /* Tutorial.storyboard */; };
		040E757822AF4E4D00E4B1F7 /* ViewControllerTutorial.swift in Sources */ = {isa = PBXBuildFile; fileRef = 040E757722AF4E4D00E4B1F7 /* ViewControllerTutorial.swift */; };
		040E757A22AF4E8900E4B1F7 /* GameResults.storyboard in Resources */ = {isa = PBXBuildFile; fileRef = 040E757922AF4E8900E4B1F7 /* GameResults.storyboard */; };
		040E757C22AF4EAE00E4B1F7 /* ViewControllerGameResults.swift in Sources */ = {isa = PBXBuildFile; fileRef = 040E757B22AF4EAE00E4B1F7 /* ViewControllerGameResults.swift */; };
		040EB82E230BAF6D00AB482D /* spinner1.mp3 in Resources */ = {isa = PBXBuildFile; fileRef = 040EB82C230BAF6C00AB482D /* spinner1.mp3 */; };
		040EB82F230BAF6D00AB482D /* spinner2.mp3 in Resources */ = {isa = PBXBuildFile; fileRef = 040EB82D230BAF6D00AB482D /* spinner2.mp3 */; };
		040F5FB622A4E35F00D243D3 /* logo1.png in Resources */ = {isa = PBXBuildFile; fileRef = 040F5FB522A4E35F00D243D3 /* logo1.png */; };
		040F5FBA22A4E56C00D243D3 /* Home.storyboard in Resources */ = {isa = PBXBuildFile; fileRef = 040F5FB922A4E56C00D243D3 /* Home.storyboard */; };
		044DAC7D230267AE00BCA1C1 /* ViewControllerGamemodeWar.swift in Sources */ = {isa = PBXBuildFile; fileRef = 044DAC7C230267AE00BCA1C1 /* ViewControllerGamemodeWar.swift */; };
		044DAC7F2302680E00BCA1C1 /* GamemodeWar.storyboard in Resources */ = {isa = PBXBuildFile; fileRef = 044DAC7E2302680E00BCA1C1 /* GamemodeWar.storyboard */; };
		0457BBC822F2A79100188610 /* ViewControllerRulesSelection.swift in Sources */ = {isa = PBXBuildFile; fileRef = 0457BBC722F2A79100188610 /* ViewControllerRulesSelection.swift */; };
		0457BBCA22F2A80600188610 /* ViewControllerRulesController.swift in Sources */ = {isa = PBXBuildFile; fileRef = 0457BBC922F2A80600188610 /* ViewControllerRulesController.swift */; };
		046628752307E26A00F3ADA4 /* Myriad Pro Black Italic.otf in Resources */ = {isa = PBXBuildFile; fileRef = 046628732307E00900F3ADA4 /* Myriad Pro Black Italic.otf */; };
		046628762307E27B00F3ADA4 /* Myriad Pro Bold Italic.ttf in Resources */ = {isa = PBXBuildFile; fileRef = 046628742307E01F00F3ADA4 /* Myriad Pro Bold Italic.ttf */; };
		046E003E2308BB9C000029D8 /* sniperSong.mp3 in Resources */ = {isa = PBXBuildFile; fileRef = 046E003D2308BB9C000029D8 /* sniperSong.mp3 */; };
		046E00402308BBA1000029D8 /* warSong.mp3 in Resources */ = {isa = PBXBuildFile; fileRef = 046E003F2308BBA1000029D8 /* warSong.mp3 */; };
		046E009F23091B83000029D8 /* circleIcon.png in Resources */ = {isa = PBXBuildFile; fileRef = 046E004323091B83000029D8 /* circleIcon.png */; };
		046E00A023091B83000029D8 /* Castaway@0.5x.png in Resources */ = {isa = PBXBuildFile; fileRef = 046E004523091B83000029D8 /* Castaway@0.5x.png */; };
		046E00A123091B83000029D8 /* Rerack@0.5x.png in Resources */ = {isa = PBXBuildFile; fileRef = 046E004623091B83000029D8 /* Rerack@0.5x.png */; };
		046E00A223091B83000029D8 /* Reaper@0.5x.png in Resources */ = {isa = PBXBuildFile; fileRef = 046E004723091B83000029D8 /* Reaper@0.5x.png */; };
		046E00A323091B83000029D8 /* FlagGreen@0.5x.png in Resources */ = {isa = PBXBuildFile; fileRef = 046E004823091B83000029D8 /* FlagGreen@0.5x.png */; };
		046E00A423091B83000029D8 /* ComebackKing@0.5x.png in Resources */ = {isa = PBXBuildFile; fileRef = 046E004923091B83000029D8 /* ComebackKing@0.5x.png */; };
		046E00A523091B83000029D8 /* LastCup@0.5x.png in Resources */ = {isa = PBXBuildFile; fileRef = 046E004A23091B83000029D8 /* LastCup@0.5x.png */; };
		046E00A623091B83000029D8 /* FlagPurple@0.5x.png in Resources */ = {isa = PBXBuildFile; fileRef = 046E004B23091B83000029D8 /* FlagPurple@0.5x.png */; };
		046E00A723091B83000029D8 /* FlagRed@0.5x.png in Resources */ = {isa = PBXBuildFile; fileRef = 046E004C23091B83000029D8 /* FlagRed@0.5x.png */; };
		046E00A823091B83000029D8 /* Pantsdown@0.5x.png in Resources */ = {isa = PBXBuildFile; fileRef = 046E004D23091B83000029D8 /* Pantsdown@0.5x.png */; };
		046E00A923091B83000029D8 /* Flag@0.5x.png in Resources */ = {isa = PBXBuildFile; fileRef = 046E004E23091B83000029D8 /* Flag@0.5x.png */; };
		046E00AA23091B83000029D8 /* Overtime@0.5x.png in Resources */ = {isa = PBXBuildFile; fileRef = 046E004F23091B83000029D8 /* Overtime@0.5x.png */; };
		046E00AB23091B83000029D8 /* Pyromaniac@0.5x.png in Resources */ = {isa = PBXBuildFile; fileRef = 046E005023091B83000029D8 /* Pyromaniac@0.5x.png */; };
		046E00AC23091B83000029D8 /* Eliminated@0.5x.png in Resources */ = {isa = PBXBuildFile; fileRef = 046E005123091B83000029D8 /* Eliminated@0.5x.png */; };
		046E00AD23091B83000029D8 /* BackArrowIcon.png in Resources */ = {isa = PBXBuildFile; fileRef = 046E005223091B83000029D8 /* BackArrowIcon.png */; };
		046E00AE23091B83000029D8 /* fireIconLit.png in Resources */ = {isa = PBXBuildFile; fileRef = 046E005323091B83000029D8 /* fireIconLit.png */; };
		046E00AF23091B83000029D8 /* musicIcon.png in Resources */ = {isa = PBXBuildFile; fileRef = 046E005423091B83000029D8 /* musicIcon.png */; };
		046E00B023091B83000029D8 /* logo2.zip in Resources */ = {isa = PBXBuildFile; fileRef = 046E005523091B83000029D8 /* logo2.zip */; };
		046E00B123091B83000029D8 /* settingsWheel.png in Resources */ = {isa = PBXBuildFile; fileRef = 046E005623091B83000029D8 /* settingsWheel.png */; };
		046E00B223091B83000029D8 /* purplePlanet.png in Resources */ = {isa = PBXBuildFile; fileRef = 046E005723091B83000029D8 /* purplePlanet.png */; };
		046E00B323091B83000029D8 /* greenPlanet.png in Resources */ = {isa = PBXBuildFile; fileRef = 046E005823091B83000029D8 /* greenPlanet.png */; };
		046E00B423091B83000029D8 /* CameraArtboard 1@0.5x friends.png in Resources */ = {isa = PBXBuildFile; fileRef = 046E005A23091B83000029D8 /* CameraArtboard 1@0.5x friends.png */; };
		046E00B523091B83000029D8 /* planetpongmachine.png in Resources */ = {isa = PBXBuildFile; fileRef = 046E005B23091B83000029D8 /* planetpongmachine.png */; };
		046E00B623091B83000029D8 /* CameraArtboard 5@0.5x.png in Resources */ = {isa = PBXBuildFile; fileRef = 046E005C23091B83000029D8 /* CameraArtboard 5@0.5x.png */; };
		046E00B723091B83000029D8 /* CameraArtboard 4@0.5x.png in Resources */ = {isa = PBXBuildFile; fileRef = 046E005D23091B83000029D8 /* CameraArtboard 4@0.5x.png */; };
		046E00B823091B83000029D8 /* CameraArtboard 1@0.5x plastic.png in Resources */ = {isa = PBXBuildFile; fileRef = 046E005E23091B83000029D8 /* CameraArtboard 1@0.5x plastic.png */; };
		046E00B923091B83000029D8 /* CameraArtboard 1@0.5x distance.png in Resources */ = {isa = PBXBuildFile; fileRef = 046E005F23091B83000029D8 /* CameraArtboard 1@0.5x distance.png */; };
		046E00BA23091B83000029D8 /* CameraArtboard 4@0.5x drop.png in Resources */ = {isa = PBXBuildFile; fileRef = 046E006023091B83000029D8 /* CameraArtboard 4@0.5x drop.png */; };
		046E00BB23091B83000029D8 /* logo1.JPG in Resources */ = {isa = PBXBuildFile; fileRef = 046E006123091B83000029D8 /* logo1.JPG */; };
		046E00BC23091B83000029D8 /* pauseIcon.png in Resources */ = {isa = PBXBuildFile; fileRef = 046E006223091B83000029D8 /* pauseIcon.png */; };
		046E00BE23091B83000029D8 /* bluePlanet.png in Resources */ = {isa = PBXBuildFile; fileRef = 046E006423091B83000029D8 /* bluePlanet.png */; };
		046E00BF23091B83000029D8 /* logo2.png in Resources */ = {isa = PBXBuildFile; fileRef = 046E006523091B83000029D8 /* logo2.png */; };
		046E00C023091B83000029D8 /* unnamed.jpg in Resources */ = {isa = PBXBuildFile; fileRef = 046E006623091B83000029D8 /* unnamed.jpg */; };
		046E00C123091B83000029D8 /* redPlanet.png in Resources */ = {isa = PBXBuildFile; fileRef = 046E006723091B83000029D8 /* redPlanet.png */; };
		046E00C223091B83000029D8 /* vector-bubbles-exclamation-6.png in Resources */ = {isa = PBXBuildFile; fileRef = 046E006823091B83000029D8 /* vector-bubbles-exclamation-6.png */; };
		046E00C323091B83000029D8 /* starsbackground.png in Resources */ = {isa = PBXBuildFile; fileRef = 046E006A23091B83000029D8 /* starsbackground.png */; };
		046E00C423091B83000029D8 /* purplefadebackground.png in Resources */ = {isa = PBXBuildFile; fileRef = 046E006B23091B83000029D8 /* purplefadebackground.png */; };
		046E00C523091B83000029D8 /* fireIcon.png in Resources */ = {isa = PBXBuildFile; fileRef = 046E006C23091B83000029D8 /* fireIcon.png */; };
		046E00C623091B83000029D8 /* iTunesArtwork@1x.png in Resources */ = {isa = PBXBuildFile; fileRef = 046E006F23091B83000029D8 /* iTunesArtwork@1x.png */; };
		046E00C723091B83000029D8 /* Icon-App-76x76@2x.png in Resources */ = {isa = PBXBuildFile; fileRef = 046E007123091B83000029D8 /* Icon-App-76x76@2x.png */; };
		046E00C823091B83000029D8 /* Icon-App-29x29@1x.png in Resources */ = {isa = PBXBuildFile; fileRef = 046E007223091B83000029D8 /* Icon-App-29x29@1x.png */; };
		046E00C923091B83000029D8 /* Icon-App-40x40@1x.png in Resources */ = {isa = PBXBuildFile; fileRef = 046E007323091B83000029D8 /* Icon-App-40x40@1x.png */; };
		046E00CA23091B83000029D8 /* Icon-App-20x20@1x.png in Resources */ = {isa = PBXBuildFile; fileRef = 046E007423091B83000029D8 /* Icon-App-20x20@1x.png */; };
		046E00CB23091B83000029D8 /* Icon-App-83.5x83.5@2x.png in Resources */ = {isa = PBXBuildFile; fileRef = 046E007523091B83000029D8 /* Icon-App-83.5x83.5@2x.png */; };
		046E00CC23091B83000029D8 /* Icon-App-20x20@3x.png in Resources */ = {isa = PBXBuildFile; fileRef = 046E007623091B83000029D8 /* Icon-App-20x20@3x.png */; };
		046E00CD23091B83000029D8 /* ItunesArtwork@2x.png in Resources */ = {isa = PBXBuildFile; fileRef = 046E007723091B83000029D8 /* ItunesArtwork@2x.png */; };
		046E00CE23091B83000029D8 /* Contents.json in Resources */ = {isa = PBXBuildFile; fileRef = 046E007823091B83000029D8 /* Contents.json */; };
		046E00CF23091B83000029D8 /* Icon-App-20x20@2x.png in Resources */ = {isa = PBXBuildFile; fileRef = 046E007923091B83000029D8 /* Icon-App-20x20@2x.png */; };
		046E00D023091B83000029D8 /* Icon-App-29x29@3x.png in Resources */ = {isa = PBXBuildFile; fileRef = 046E007A23091B83000029D8 /* Icon-App-29x29@3x.png */; };
		046E00D123091B83000029D8 /* Icon-App-40x40@2x.png in Resources */ = {isa = PBXBuildFile; fileRef = 046E007B23091B83000029D8 /* Icon-App-40x40@2x.png */; };
		046E00D223091B83000029D8 /* Icon-App-60x60@3x.png in Resources */ = {isa = PBXBuildFile; fileRef = 046E007C23091B83000029D8 /* Icon-App-60x60@3x.png */; };
		046E00D323091B83000029D8 /* Icon-App-60x60@2x.png in Resources */ = {isa = PBXBuildFile; fileRef = 046E007D23091B83000029D8 /* Icon-App-60x60@2x.png */; };
		046E00D423091B83000029D8 /* Icon-App-76x76@1x.png in Resources */ = {isa = PBXBuildFile; fileRef = 046E007E23091B83000029D8 /* Icon-App-76x76@1x.png */; };
		046E00D523091B83000029D8 /* Icon-App-40x40@3x.png in Resources */ = {isa = PBXBuildFile; fileRef = 046E007F23091B83000029D8 /* Icon-App-40x40@3x.png */; };
		046E00D623091B83000029D8 /* Icon-App-29x29@2x.png in Resources */ = {isa = PBXBuildFile; fileRef = 046E008023091B83000029D8 /* Icon-App-29x29@2x.png */; };
		046E00D723091B83000029D8 /* README.md in Resources */ = {isa = PBXBuildFile; fileRef = 046E008123091B83000029D8 /* README.md */; };
		046E00D823091B83000029D8 /* iTunesArtwork@2x.png in Resources */ = {isa = PBXBuildFile; fileRef = 046E008223091B83000029D8 /* iTunesArtwork@2x.png */; };
		046E00D923091B83000029D8 /* iTunesArtwork@3x.png in Resources */ = {isa = PBXBuildFile; fileRef = 046E008323091B83000029D8 /* iTunesArtwork@3x.png */; };
		046E00DB23091B83000029D8 /* playstore-icon.png in Resources */ = {isa = PBXBuildFile; fileRef = 046E008723091B83000029D8 /* playstore-icon.png */; };
		046E00E123091B83000029D8 /* icon-messages-app-iPhone-60x45@1x.png in Resources */ = {isa = PBXBuildFile; fileRef = 046E009323091B83000029D8 /* icon-messages-app-iPhone-60x45@1x.png */; };
		046E00E223091B83000029D8 /* icon-messages-app-iPadAir-67x50@2x.png in Resources */ = {isa = PBXBuildFile; fileRef = 046E009423091B83000029D8 /* icon-messages-app-iPadAir-67x50@2x.png */; };
		046E00E323091B83000029D8 /* icon-messages-app-store-1024x768.png in Resources */ = {isa = PBXBuildFile; fileRef = 046E009523091B83000029D8 /* icon-messages-app-store-1024x768.png */; };
		046E00E423091B83000029D8 /* icon-messages-transcript-32x24@3x.png in Resources */ = {isa = PBXBuildFile; fileRef = 046E009623091B83000029D8 /* icon-messages-transcript-32x24@3x.png */; };
		046E00E523091B83000029D8 /* icon-messages-app-27x20@1x.png in Resources */ = {isa = PBXBuildFile; fileRef = 046E009723091B83000029D8 /* icon-messages-app-27x20@1x.png */; };
		046E00E623091B83000029D8 /* icon-messages-transcript-32x24@2x.png in Resources */ = {isa = PBXBuildFile; fileRef = 046E009823091B83000029D8 /* icon-messages-transcript-32x24@2x.png */; };
		046E00E723091B83000029D8 /* icon-messages-app-27x20@2x.png in Resources */ = {isa = PBXBuildFile; fileRef = 046E009923091B83000029D8 /* icon-messages-app-27x20@2x.png */; };
		046E00E823091B83000029D8 /* icon-messages-transcript-32x24@1x.png in Resources */ = {isa = PBXBuildFile; fileRef = 046E009A23091B83000029D8 /* icon-messages-transcript-32x24@1x.png */; };
		046E00E923091B83000029D8 /* icon-messages-app-27x20@3x.png in Resources */ = {isa = PBXBuildFile; fileRef = 046E009B23091B83000029D8 /* icon-messages-app-27x20@3x.png */; };
		046E00EA23091B83000029D8 /* icon-messages-app-iPadAir-74x55@2x.png in Resources */ = {isa = PBXBuildFile; fileRef = 046E009C23091B83000029D8 /* icon-messages-app-iPadAir-74x55@2x.png */; };
		046E00EB23091B83000029D8 /* icon-messages-app-iPhone-60x45@3x.png in Resources */ = {isa = PBXBuildFile; fileRef = 046E009D23091B83000029D8 /* icon-messages-app-iPhone-60x45@3x.png */; };
		046E00EC23091B83000029D8 /* icon-messages-app-iPhone-60x45@2x.png in Resources */ = {isa = PBXBuildFile; fileRef = 046E009E23091B83000029D8 /* icon-messages-app-iPhone-60x45@2x.png */; };
		046E00EF23091FDC000029D8 /* SpaceVibe.swift in Sources */ = {isa = PBXBuildFile; fileRef = 046E00EE23091FDC000029D8 /* SpaceVibe.swift */; };
		046E00F1230A5FEF000029D8 /* Spinner.storyboard in Resources */ = {isa = PBXBuildFile; fileRef = 046E00F0230A5FEF000029D8 /* Spinner.storyboard */; };
		046E00F3230A604F000029D8 /* ViewControllerSpinner.swift in Sources */ = {isa = PBXBuildFile; fileRef = 046E00F2230A604F000029D8 /* ViewControllerSpinner.swift */; };
		0474385D2311E39D00EBCDF6 /* ViewControllerSettings.swift in Sources */ = {isa = PBXBuildFile; fileRef = 0474385C2311E39D00EBCDF6 /* ViewControllerSettings.swift */; };
		0482ADD522BFF0F700D6FF10 /* Scores.storyboard in Resources */ = {isa = PBXBuildFile; fileRef = 0482ADD022BFF0F700D6FF10 /* Scores.storyboard */; };
		0482ADD622BFF0F700D6FF10 /* ViewControllerClassicScores.swift in Sources */ = {isa = PBXBuildFile; fileRef = 0482ADD122BFF0F700D6FF10 /* ViewControllerClassicScores.swift */; };
		0482ADD722BFF0F700D6FF10 /* ViewControllerScores.swift in Sources */ = {isa = PBXBuildFile; fileRef = 0482ADD222BFF0F700D6FF10 /* ViewControllerScores.swift */; };
		0482ADD822BFF0F700D6FF10 /* ClassicScores.storyboard in Resources */ = {isa = PBXBuildFile; fileRef = 0482ADD322BFF0F700D6FF10 /* ClassicScores.storyboard */; };
		0482ADD922BFF0F700D6FF10 /* Gamemode.swift in Sources */ = {isa = PBXBuildFile; fileRef = 0482ADD422BFF0F700D6FF10 /* Gamemode.swift */; };
		0499223122FC76B300735F7D /* purplePlanet.png in Resources */ = {isa = PBXBuildFile; fileRef = 0499223022FC76B300735F7D /* purplePlanet.png */; };
		0499223522FC795400735F7D /* greenPlanet.png in Resources */ = {isa = PBXBuildFile; fileRef = 0499223422FC795400735F7D /* greenPlanet.png */; };
		0499223722FC795900735F7D /* bluePlanet.png in Resources */ = {isa = PBXBuildFile; fileRef = 0499223622FC795800735F7D /* bluePlanet.png */; };
		0499223922FC795F00735F7D /* redPlanet.png in Resources */ = {isa = PBXBuildFile; fileRef = 0499223822FC795F00735F7D /* redPlanet.png */; };
		049A51592318BD9E007D28ED /* ViewControllerBluetoothMode.swift in Sources */ = {isa = PBXBuildFile; fileRef = 049A51582318BD9E007D28ED /* ViewControllerBluetoothMode.swift */; };
		049ACEC92305135800A551F3 /* ScreenTransitions.swift in Sources */ = {isa = PBXBuildFile; fileRef = 049ACEC82305135800A551F3 /* ScreenTransitions.swift */; };
		04A40D7E2315F62800CFC0D1 /* GoogleService-Info.plist in Resources */ = {isa = PBXBuildFile; fileRef = 04A40D7D2315F62800CFC0D1 /* GoogleService-Info.plist */; };
		04CE8F0722E432CC0049138E /* ViewControllerRules.swift in Sources */ = {isa = PBXBuildFile; fileRef = 04CE8F0622E432CC0049138E /* ViewControllerRules.swift */; };
		04D4C6D32303AEC90079A72B /* mainMenuSong.mp3 in Resources */ = {isa = PBXBuildFile; fileRef = 04D4C6D22303AEC90079A72B /* mainMenuSong.mp3 */; };
		04D87EF022C1A1C100D92C3F /* Aldrich-Regular.ttf in Resources */ = {isa = PBXBuildFile; fileRef = 04D87EEF22C1A1C100D92C3F /* Aldrich-Regular.ttf */; };
		04DB86E022EFEDEE007E673C /* Sniper Mode.mp4 in Resources */ = {isa = PBXBuildFile; fileRef = 04DB86DF22EFEDED007E673C /* Sniper Mode.mp4 */; };
		04DB86E222EFFB80007E673C /* VideoPlayerView.swift in Sources */ = {isa = PBXBuildFile; fileRef = 04DB86E122EFFB80007E673C /* VideoPlayerView.swift */; };
		04DB86E422EFFC82007E673C /* VideoLooperView.swift in Sources */ = {isa = PBXBuildFile; fileRef = 04DB86E322EFFC82007E673C /* VideoLooperView.swift */; };
		04DB86E622EFFD9A007E673C /* VideoClip.swift in Sources */ = {isa = PBXBuildFile; fileRef = 04DB86E522EFFD9A007E673C /* VideoClip.swift */; };
		04E0570222EEA2DC00AAD456 /* ViewControllerHallOfFame.swift in Sources */ = {isa = PBXBuildFile; fileRef = 04E0570122EEA2DC00AAD456 /* ViewControllerHallOfFame.swift */; };
		04EAC36F2316C17100919990 /* Login.storyboard in Resources */ = {isa = PBXBuildFile; fileRef = 04EAC36E2316C17100919990 /* Login.storyboard */; };
		04EAC3722316C1CA00919990 /* ViewControllerLogin.swift in Sources */ = {isa = PBXBuildFile; fileRef = 04EAC3712316C1CA00919990 /* ViewControllerLogin.swift */; };
		04EAC3742316C2E100919990 /* ViewControllerRegister.swift in Sources */ = {isa = PBXBuildFile; fileRef = 04EAC3732316C2E100919990 /* ViewControllerRegister.swift */; };
		04F6BE98230E413100B9C023 /* ViewControllerGamemode.swift in Sources */ = {isa = PBXBuildFile; fileRef = 04F6BE97230E413100B9C023 /* ViewControllerGamemode.swift */; };
		7DA0D5942259653500D999BB /* ViewControllerGamemodeClassic.swift in Sources */ = {isa = PBXBuildFile; fileRef = 7DA0D5932259653500D999BB /* ViewControllerGamemodeClassic.swift */; };
		B1A0C03A91272541C6B0FDD6 /* Pods_Planet_Pong.framework in Frameworks */ = {isa = PBXBuildFile; fileRef = 1C17D20A246241E38D6F83C3 /* Pods_Planet_Pong.framework */; };
		D50657241DF2F4C8002B7557 /* UUIDKey.swift in Sources */ = {isa = PBXBuildFile; fileRef = D50657231DF2F4C8002B7557 /* UUIDKey.swift */; };
		D50657261DF45E04002B7557 /* UartModuleViewController.swift in Sources */ = {isa = PBXBuildFile; fileRef = D50657251DF45E04002B7557 /* UartModuleViewController.swift */; };
		D5B24DDC1DEE393B00D33B5A /* AppDelegate.swift in Sources */ = {isa = PBXBuildFile; fileRef = D5B24DDB1DEE393B00D33B5A /* AppDelegate.swift */; };
		D5B24DE11DEE393B00D33B5A /* Pairing.storyboard in Resources */ = {isa = PBXBuildFile; fileRef = D5B24DDF1DEE393B00D33B5A /* Pairing.storyboard */; settings = {ASSET_TAGS = (Un, ); }; };
		D5B24DE31DEE393B00D33B5A /* Assets.xcassets in Resources */ = {isa = PBXBuildFile; fileRef = D5B24DE21DEE393B00D33B5A /* Assets.xcassets */; };
		D5B24DE61DEE393B00D33B5A /* LaunchScreen.storyboard in Resources */ = {isa = PBXBuildFile; fileRef = D5B24DE41DEE393B00D33B5A /* LaunchScreen.storyboard */; };
		D5B24DEE1DEE399800D33B5A /* ViewControllerPairing.swift in Sources */ = {isa = PBXBuildFile; fileRef = D5B24DED1DEE399800D33B5A /* ViewControllerPairing.swift */; };
		D5B24DF11DEF153A00D33B5A /* PeripheralTableViewCell.swift in Sources */ = {isa = PBXBuildFile; fileRef = D5B24DEF1DEF153A00D33B5A /* PeripheralTableViewCell.swift */; };
/* End PBXBuildFile section */

/* Begin PBXFileReference section */
		040E756422ADD72200E4B1F7 /* GamemodeClassic.storyboard */ = {isa = PBXFileReference; fileEncoding = 4; lastKnownFileType = file.storyboard; path = GamemodeClassic.storyboard; sourceTree = "<group>"; };
		040E756622ADDB0900E4B1F7 /* ViewControllerHome.swift */ = {isa = PBXFileReference; lastKnownFileType = sourcecode.swift; name = ViewControllerHome.swift; path = "Basic Chat/Main Menu/ViewControllerHome.swift"; sourceTree = SOURCE_ROOT; };
		040E756C22AF49C200E4B1F7 /* GamemodeSelection.storyboard */ = {isa = PBXFileReference; lastKnownFileType = file.storyboard; path = GamemodeSelection.storyboard; sourceTree = "<group>"; };
		040E756E22AF49D700E4B1F7 /* ViewControllerGamemodeSelection.swift */ = {isa = PBXFileReference; lastKnownFileType = sourcecode.swift; path = ViewControllerGamemodeSelection.swift; sourceTree = "<group>"; };
		040E757122AF4CF500E4B1F7 /* GameSettings.storyboard */ = {isa = PBXFileReference; lastKnownFileType = file.storyboard; path = GameSettings.storyboard; sourceTree = "<group>"; };
		040E757322AF4D2500E4B1F7 /* ViewControllerGameSettings.swift */ = {isa = PBXFileReference; lastKnownFileType = sourcecode.swift; path = ViewControllerGameSettings.swift; sourceTree = "<group>"; };
		040E757522AF4E1600E4B1F7 /* Tutorial.storyboard */ = {isa = PBXFileReference; lastKnownFileType = file.storyboard; path = Tutorial.storyboard; sourceTree = "<group>"; };
		040E757722AF4E4D00E4B1F7 /* ViewControllerTutorial.swift */ = {isa = PBXFileReference; lastKnownFileType = sourcecode.swift; path = ViewControllerTutorial.swift; sourceTree = "<group>"; };
		040E757922AF4E8900E4B1F7 /* GameResults.storyboard */ = {isa = PBXFileReference; lastKnownFileType = file.storyboard; path = GameResults.storyboard; sourceTree = "<group>"; };
		040E757B22AF4EAE00E4B1F7 /* ViewControllerGameResults.swift */ = {isa = PBXFileReference; lastKnownFileType = sourcecode.swift; path = ViewControllerGameResults.swift; sourceTree = "<group>"; };
		040EB82C230BAF6C00AB482D /* spinner1.mp3 */ = {isa = PBXFileReference; lastKnownFileType = audio.mp3; name = spinner1.mp3; path = "Basic Chat/SFX/spinner1.mp3"; sourceTree = SOURCE_ROOT; };
		040EB82D230BAF6D00AB482D /* spinner2.mp3 */ = {isa = PBXFileReference; lastKnownFileType = audio.mp3; name = spinner2.mp3; path = "Basic Chat/SFX/spinner2.mp3"; sourceTree = SOURCE_ROOT; };
		040F5FB522A4E35F00D243D3 /* logo1.png */ = {isa = PBXFileReference; lastKnownFileType = image.png; path = logo1.png; sourceTree = "<group>"; };
		040F5FB722A4E4F600D243D3 /* logo2.png */ = {isa = PBXFileReference; lastKnownFileType = image.png; path = logo2.png; sourceTree = "<group>"; };
		040F5FB922A4E56C00D243D3 /* Home.storyboard */ = {isa = PBXFileReference; lastKnownFileType = file.storyboard; path = Home.storyboard; sourceTree = "<group>"; };
		044DAC7C230267AE00BCA1C1 /* ViewControllerGamemodeWar.swift */ = {isa = PBXFileReference; fileEncoding = 4; lastKnownFileType = sourcecode.swift; path = ViewControllerGamemodeWar.swift; sourceTree = "<group>"; };
		044DAC7E2302680E00BCA1C1 /* GamemodeWar.storyboard */ = {isa = PBXFileReference; fileEncoding = 4; lastKnownFileType = file.storyboard; path = GamemodeWar.storyboard; sourceTree = "<group>"; };
		0457BBC722F2A79100188610 /* ViewControllerRulesSelection.swift */ = {isa = PBXFileReference; lastKnownFileType = sourcecode.swift; path = ViewControllerRulesSelection.swift; sourceTree = "<group>"; };
		0457BBC922F2A80600188610 /* ViewControllerRulesController.swift */ = {isa = PBXFileReference; lastKnownFileType = sourcecode.swift; path = ViewControllerRulesController.swift; sourceTree = "<group>"; };
		046628732307E00900F3ADA4 /* Myriad Pro Black Italic.otf */ = {isa = PBXFileReference; lastKnownFileType = file; name = "Myriad Pro Black Italic.otf"; path = "Myriad Pro/Myriad Pro Black Italic.otf"; sourceTree = "<group>"; };
		046628742307E01F00F3ADA4 /* Myriad Pro Bold Italic.ttf */ = {isa = PBXFileReference; lastKnownFileType = file; name = "Myriad Pro Bold Italic.ttf"; path = "Myriad Pro/Myriad Pro Bold Italic.ttf"; sourceTree = "<group>"; };
		046E003D2308BB9C000029D8 /* sniperSong.mp3 */ = {isa = PBXFileReference; lastKnownFileType = audio.mp3; name = sniperSong.mp3; path = "Basic Chat/SFX/sniperSong.mp3"; sourceTree = SOURCE_ROOT; };
		046E003F2308BBA1000029D8 /* warSong.mp3 */ = {isa = PBXFileReference; lastKnownFileType = audio.mp3; name = warSong.mp3; path = "Basic Chat/SFX/warSong.mp3"; sourceTree = SOURCE_ROOT; };
		046E004323091B83000029D8 /* circleIcon.png */ = {isa = PBXFileReference; lastKnownFileType = image.png; path = circleIcon.png; sourceTree = "<group>"; };
		046E004523091B83000029D8 /* Castaway@0.5x.png */ = {isa = PBXFileReference; lastKnownFileType = image.png; path = "Castaway@0.5x.png"; sourceTree = "<group>"; };
		046E004623091B83000029D8 /* Rerack@0.5x.png */ = {isa = PBXFileReference; lastKnownFileType = image.png; path = "Rerack@0.5x.png"; sourceTree = "<group>"; };
		046E004723091B83000029D8 /* Reaper@0.5x.png */ = {isa = PBXFileReference; lastKnownFileType = image.png; path = "Reaper@0.5x.png"; sourceTree = "<group>"; };
		046E004823091B83000029D8 /* FlagGreen@0.5x.png */ = {isa = PBXFileReference; lastKnownFileType = image.png; path = "FlagGreen@0.5x.png"; sourceTree = "<group>"; };
		046E004923091B83000029D8 /* ComebackKing@0.5x.png */ = {isa = PBXFileReference; lastKnownFileType = image.png; path = "ComebackKing@0.5x.png"; sourceTree = "<group>"; };
		046E004A23091B83000029D8 /* LastCup@0.5x.png */ = {isa = PBXFileReference; lastKnownFileType = image.png; path = "LastCup@0.5x.png"; sourceTree = "<group>"; };
		046E004B23091B83000029D8 /* FlagPurple@0.5x.png */ = {isa = PBXFileReference; lastKnownFileType = image.png; path = "FlagPurple@0.5x.png"; sourceTree = "<group>"; };
		046E004C23091B83000029D8 /* FlagRed@0.5x.png */ = {isa = PBXFileReference; lastKnownFileType = image.png; path = "FlagRed@0.5x.png"; sourceTree = "<group>"; };
		046E004D23091B83000029D8 /* Pantsdown@0.5x.png */ = {isa = PBXFileReference; lastKnownFileType = image.png; path = "Pantsdown@0.5x.png"; sourceTree = "<group>"; };
		046E004E23091B83000029D8 /* Flag@0.5x.png */ = {isa = PBXFileReference; lastKnownFileType = image.png; path = "Flag@0.5x.png"; sourceTree = "<group>"; };
		046E004F23091B83000029D8 /* Overtime@0.5x.png */ = {isa = PBXFileReference; lastKnownFileType = image.png; path = "Overtime@0.5x.png"; sourceTree = "<group>"; };
		046E005023091B83000029D8 /* Pyromaniac@0.5x.png */ = {isa = PBXFileReference; lastKnownFileType = image.png; path = "Pyromaniac@0.5x.png"; sourceTree = "<group>"; };
		046E005123091B83000029D8 /* Eliminated@0.5x.png */ = {isa = PBXFileReference; lastKnownFileType = image.png; path = "Eliminated@0.5x.png"; sourceTree = "<group>"; };
		046E005223091B83000029D8 /* BackArrowIcon.png */ = {isa = PBXFileReference; lastKnownFileType = image.png; path = BackArrowIcon.png; sourceTree = "<group>"; };
		046E005323091B83000029D8 /* fireIconLit.png */ = {isa = PBXFileReference; lastKnownFileType = image.png; path = fireIconLit.png; sourceTree = "<group>"; };
		046E005423091B83000029D8 /* musicIcon.png */ = {isa = PBXFileReference; lastKnownFileType = image.png; path = musicIcon.png; sourceTree = "<group>"; };
		046E005523091B83000029D8 /* logo2.zip */ = {isa = PBXFileReference; lastKnownFileType = archive.zip; path = logo2.zip; sourceTree = "<group>"; };
		046E005623091B83000029D8 /* settingsWheel.png */ = {isa = PBXFileReference; lastKnownFileType = image.png; path = settingsWheel.png; sourceTree = "<group>"; };
		046E005723091B83000029D8 /* purplePlanet.png */ = {isa = PBXFileReference; lastKnownFileType = image.png; path = purplePlanet.png; sourceTree = "<group>"; };
		046E005823091B83000029D8 /* greenPlanet.png */ = {isa = PBXFileReference; lastKnownFileType = image.png; path = greenPlanet.png; sourceTree = "<group>"; };
		046E005A23091B83000029D8 /* CameraArtboard 1@0.5x friends.png */ = {isa = PBXFileReference; lastKnownFileType = image.png; path = "CameraArtboard 1@0.5x friends.png"; sourceTree = "<group>"; };
		046E005B23091B83000029D8 /* planetpongmachine.png */ = {isa = PBXFileReference; lastKnownFileType = image.png; path = planetpongmachine.png; sourceTree = "<group>"; };
		046E005C23091B83000029D8 /* CameraArtboard 5@0.5x.png */ = {isa = PBXFileReference; lastKnownFileType = image.png; path = "CameraArtboard 5@0.5x.png"; sourceTree = "<group>"; };
		046E005D23091B83000029D8 /* CameraArtboard 4@0.5x.png */ = {isa = PBXFileReference; lastKnownFileType = image.png; path = "CameraArtboard 4@0.5x.png"; sourceTree = "<group>"; };
		046E005E23091B83000029D8 /* CameraArtboard 1@0.5x plastic.png */ = {isa = PBXFileReference; lastKnownFileType = image.png; path = "CameraArtboard 1@0.5x plastic.png"; sourceTree = "<group>"; };
		046E005F23091B83000029D8 /* CameraArtboard 1@0.5x distance.png */ = {isa = PBXFileReference; lastKnownFileType = image.png; path = "CameraArtboard 1@0.5x distance.png"; sourceTree = "<group>"; };
		046E006023091B83000029D8 /* CameraArtboard 4@0.5x drop.png */ = {isa = PBXFileReference; lastKnownFileType = image.png; path = "CameraArtboard 4@0.5x drop.png"; sourceTree = "<group>"; };
		046E006123091B83000029D8 /* logo1.JPG */ = {isa = PBXFileReference; lastKnownFileType = image.jpeg; path = logo1.JPG; sourceTree = "<group>"; };
		046E006223091B83000029D8 /* pauseIcon.png */ = {isa = PBXFileReference; lastKnownFileType = image.png; path = pauseIcon.png; sourceTree = "<group>"; };
		046E006423091B83000029D8 /* bluePlanet.png */ = {isa = PBXFileReference; lastKnownFileType = image.png; path = bluePlanet.png; sourceTree = "<group>"; };
		046E006523091B83000029D8 /* logo2.png */ = {isa = PBXFileReference; lastKnownFileType = image.png; path = logo2.png; sourceTree = "<group>"; };
		046E006623091B83000029D8 /* unnamed.jpg */ = {isa = PBXFileReference; lastKnownFileType = image.jpeg; path = unnamed.jpg; sourceTree = "<group>"; };
		046E006723091B83000029D8 /* redPlanet.png */ = {isa = PBXFileReference; lastKnownFileType = image.png; path = redPlanet.png; sourceTree = "<group>"; };
		046E006823091B83000029D8 /* vector-bubbles-exclamation-6.png */ = {isa = PBXFileReference; lastKnownFileType = image.png; path = "vector-bubbles-exclamation-6.png"; sourceTree = "<group>"; };
		046E006A23091B83000029D8 /* starsbackground.png */ = {isa = PBXFileReference; lastKnownFileType = image.png; path = starsbackground.png; sourceTree = "<group>"; };
		046E006B23091B83000029D8 /* purplefadebackground.png */ = {isa = PBXFileReference; lastKnownFileType = image.png; path = purplefadebackground.png; sourceTree = "<group>"; };
		046E006C23091B83000029D8 /* fireIcon.png */ = {isa = PBXFileReference; lastKnownFileType = image.png; path = fireIcon.png; sourceTree = "<group>"; };
		046E006F23091B83000029D8 /* iTunesArtwork@1x.png */ = {isa = PBXFileReference; lastKnownFileType = image.png; path = "iTunesArtwork@1x.png"; sourceTree = "<group>"; };
		046E007123091B83000029D8 /* Icon-App-76x76@2x.png */ = {isa = PBXFileReference; lastKnownFileType = image.png; path = "Icon-App-76x76@2x.png"; sourceTree = "<group>"; };
		046E007223091B83000029D8 /* Icon-App-29x29@1x.png */ = {isa = PBXFileReference; lastKnownFileType = image.png; path = "Icon-App-29x29@1x.png"; sourceTree = "<group>"; };
		046E007323091B83000029D8 /* Icon-App-40x40@1x.png */ = {isa = PBXFileReference; lastKnownFileType = image.png; path = "Icon-App-40x40@1x.png"; sourceTree = "<group>"; };
		046E007423091B83000029D8 /* Icon-App-20x20@1x.png */ = {isa = PBXFileReference; lastKnownFileType = image.png; path = "Icon-App-20x20@1x.png"; sourceTree = "<group>"; };
		046E007523091B83000029D8 /* Icon-App-83.5x83.5@2x.png */ = {isa = PBXFileReference; lastKnownFileType = image.png; path = "Icon-App-83.5x83.5@2x.png"; sourceTree = "<group>"; };
		046E007623091B83000029D8 /* Icon-App-20x20@3x.png */ = {isa = PBXFileReference; lastKnownFileType = image.png; path = "Icon-App-20x20@3x.png"; sourceTree = "<group>"; };
		046E007723091B83000029D8 /* ItunesArtwork@2x.png */ = {isa = PBXFileReference; lastKnownFileType = image.png; path = "ItunesArtwork@2x.png"; sourceTree = "<group>"; };
		046E007823091B83000029D8 /* Contents.json */ = {isa = PBXFileReference; fileEncoding = 4; lastKnownFileType = text.json; path = Contents.json; sourceTree = "<group>"; };
		046E007923091B83000029D8 /* Icon-App-20x20@2x.png */ = {isa = PBXFileReference; lastKnownFileType = image.png; path = "Icon-App-20x20@2x.png"; sourceTree = "<group>"; };
		046E007A23091B83000029D8 /* Icon-App-29x29@3x.png */ = {isa = PBXFileReference; lastKnownFileType = image.png; path = "Icon-App-29x29@3x.png"; sourceTree = "<group>"; };
		046E007B23091B83000029D8 /* Icon-App-40x40@2x.png */ = {isa = PBXFileReference; lastKnownFileType = image.png; path = "Icon-App-40x40@2x.png"; sourceTree = "<group>"; };
		046E007C23091B83000029D8 /* Icon-App-60x60@3x.png */ = {isa = PBXFileReference; lastKnownFileType = image.png; path = "Icon-App-60x60@3x.png"; sourceTree = "<group>"; };
		046E007D23091B83000029D8 /* Icon-App-60x60@2x.png */ = {isa = PBXFileReference; lastKnownFileType = image.png; path = "Icon-App-60x60@2x.png"; sourceTree = "<group>"; };
		046E007E23091B83000029D8 /* Icon-App-76x76@1x.png */ = {isa = PBXFileReference; lastKnownFileType = image.png; path = "Icon-App-76x76@1x.png"; sourceTree = "<group>"; };
		046E007F23091B83000029D8 /* Icon-App-40x40@3x.png */ = {isa = PBXFileReference; lastKnownFileType = image.png; path = "Icon-App-40x40@3x.png"; sourceTree = "<group>"; };
		046E008023091B83000029D8 /* Icon-App-29x29@2x.png */ = {isa = PBXFileReference; lastKnownFileType = image.png; path = "Icon-App-29x29@2x.png"; sourceTree = "<group>"; };
		046E008123091B83000029D8 /* README.md */ = {isa = PBXFileReference; fileEncoding = 4; lastKnownFileType = net.daringfireball.markdown; path = README.md; sourceTree = "<group>"; };
		046E008223091B83000029D8 /* iTunesArtwork@2x.png */ = {isa = PBXFileReference; lastKnownFileType = image.png; path = "iTunesArtwork@2x.png"; sourceTree = "<group>"; };
		046E008323091B83000029D8 /* iTunesArtwork@3x.png */ = {isa = PBXFileReference; lastKnownFileType = image.png; path = "iTunesArtwork@3x.png"; sourceTree = "<group>"; };
		046E008623091B83000029D8 /* ic_launcher.png */ = {isa = PBXFileReference; lastKnownFileType = image.png; path = ic_launcher.png; sourceTree = "<group>"; };
		046E008723091B83000029D8 /* playstore-icon.png */ = {isa = PBXFileReference; lastKnownFileType = image.png; path = "playstore-icon.png"; sourceTree = "<group>"; };
		046E008923091B83000029D8 /* ic_launcher.png */ = {isa = PBXFileReference; lastKnownFileType = image.png; path = ic_launcher.png; sourceTree = "<group>"; };
		046E008B23091B83000029D8 /* ic_launcher.png */ = {isa = PBXFileReference; lastKnownFileType = image.png; path = ic_launcher.png; sourceTree = "<group>"; };
		046E008D23091B83000029D8 /* ic_launcher.png */ = {isa = PBXFileReference; lastKnownFileType = image.png; path = ic_launcher.png; sourceTree = "<group>"; };
		046E008F23091B83000029D8 /* ic_launcher.png */ = {isa = PBXFileReference; lastKnownFileType = image.png; path = ic_launcher.png; sourceTree = "<group>"; };
		046E009123091B83000029D8 /* ic_launcher.png */ = {isa = PBXFileReference; lastKnownFileType = image.png; path = ic_launcher.png; sourceTree = "<group>"; };
		046E009323091B83000029D8 /* icon-messages-app-iPhone-60x45@1x.png */ = {isa = PBXFileReference; lastKnownFileType = image.png; path = "icon-messages-app-iPhone-60x45@1x.png"; sourceTree = "<group>"; };
		046E009423091B83000029D8 /* icon-messages-app-iPadAir-67x50@2x.png */ = {isa = PBXFileReference; lastKnownFileType = image.png; path = "icon-messages-app-iPadAir-67x50@2x.png"; sourceTree = "<group>"; };
		046E009523091B83000029D8 /* icon-messages-app-store-1024x768.png */ = {isa = PBXFileReference; lastKnownFileType = image.png; path = "icon-messages-app-store-1024x768.png"; sourceTree = "<group>"; };
		046E009623091B83000029D8 /* icon-messages-transcript-32x24@3x.png */ = {isa = PBXFileReference; lastKnownFileType = image.png; path = "icon-messages-transcript-32x24@3x.png"; sourceTree = "<group>"; };
		046E009723091B83000029D8 /* icon-messages-app-27x20@1x.png */ = {isa = PBXFileReference; lastKnownFileType = image.png; path = "icon-messages-app-27x20@1x.png"; sourceTree = "<group>"; };
		046E009823091B83000029D8 /* icon-messages-transcript-32x24@2x.png */ = {isa = PBXFileReference; lastKnownFileType = image.png; path = "icon-messages-transcript-32x24@2x.png"; sourceTree = "<group>"; };
		046E009923091B83000029D8 /* icon-messages-app-27x20@2x.png */ = {isa = PBXFileReference; lastKnownFileType = image.png; path = "icon-messages-app-27x20@2x.png"; sourceTree = "<group>"; };
		046E009A23091B83000029D8 /* icon-messages-transcript-32x24@1x.png */ = {isa = PBXFileReference; lastKnownFileType = image.png; path = "icon-messages-transcript-32x24@1x.png"; sourceTree = "<group>"; };
		046E009B23091B83000029D8 /* icon-messages-app-27x20@3x.png */ = {isa = PBXFileReference; lastKnownFileType = image.png; path = "icon-messages-app-27x20@3x.png"; sourceTree = "<group>"; };
		046E009C23091B83000029D8 /* icon-messages-app-iPadAir-74x55@2x.png */ = {isa = PBXFileReference; lastKnownFileType = image.png; path = "icon-messages-app-iPadAir-74x55@2x.png"; sourceTree = "<group>"; };
		046E009D23091B83000029D8 /* icon-messages-app-iPhone-60x45@3x.png */ = {isa = PBXFileReference; lastKnownFileType = image.png; path = "icon-messages-app-iPhone-60x45@3x.png"; sourceTree = "<group>"; };
		046E009E23091B83000029D8 /* icon-messages-app-iPhone-60x45@2x.png */ = {isa = PBXFileReference; lastKnownFileType = image.png; path = "icon-messages-app-iPhone-60x45@2x.png"; sourceTree = "<group>"; };
		046E00EE23091FDC000029D8 /* SpaceVibe.swift */ = {isa = PBXFileReference; lastKnownFileType = sourcecode.swift; path = SpaceVibe.swift; sourceTree = "<group>"; };
		046E00F0230A5FEF000029D8 /* Spinner.storyboard */ = {isa = PBXFileReference; lastKnownFileType = file.storyboard; path = Spinner.storyboard; sourceTree = "<group>"; };
		046E00F2230A604F000029D8 /* ViewControllerSpinner.swift */ = {isa = PBXFileReference; lastKnownFileType = sourcecode.swift; path = ViewControllerSpinner.swift; sourceTree = "<group>"; };
		0474385C2311E39D00EBCDF6 /* ViewControllerSettings.swift */ = {isa = PBXFileReference; lastKnownFileType = sourcecode.swift; path = ViewControllerSettings.swift; sourceTree = "<group>"; };
		0482ADD022BFF0F700D6FF10 /* Scores.storyboard */ = {isa = PBXFileReference; fileEncoding = 4; lastKnownFileType = file.storyboard; path = Scores.storyboard; sourceTree = "<group>"; };
		0482ADD122BFF0F700D6FF10 /* ViewControllerClassicScores.swift */ = {isa = PBXFileReference; fileEncoding = 4; lastKnownFileType = sourcecode.swift; path = ViewControllerClassicScores.swift; sourceTree = "<group>"; };
		0482ADD222BFF0F700D6FF10 /* ViewControllerScores.swift */ = {isa = PBXFileReference; fileEncoding = 4; lastKnownFileType = sourcecode.swift; path = ViewControllerScores.swift; sourceTree = "<group>"; };
		0482ADD322BFF0F700D6FF10 /* ClassicScores.storyboard */ = {isa = PBXFileReference; fileEncoding = 4; lastKnownFileType = file.storyboard; path = ClassicScores.storyboard; sourceTree = "<group>"; };
		0482ADD422BFF0F700D6FF10 /* Gamemode.swift */ = {isa = PBXFileReference; fileEncoding = 4; lastKnownFileType = sourcecode.swift; path = Gamemode.swift; sourceTree = "<group>"; };
		0499223022FC76B300735F7D /* purplePlanet.png */ = {isa = PBXFileReference; lastKnownFileType = image.png; name = purplePlanet.png; path = "Basic Chat/Graphics/purplePlanet.png"; sourceTree = SOURCE_ROOT; };
		0499223422FC795400735F7D /* greenPlanet.png */ = {isa = PBXFileReference; lastKnownFileType = image.png; name = greenPlanet.png; path = "Basic Chat/Graphics/greenPlanet.png"; sourceTree = SOURCE_ROOT; };
		0499223622FC795800735F7D /* bluePlanet.png */ = {isa = PBXFileReference; lastKnownFileType = image.png; name = bluePlanet.png; path = "Basic Chat/Graphics/bluePlanet.png"; sourceTree = SOURCE_ROOT; };
		0499223822FC795F00735F7D /* redPlanet.png */ = {isa = PBXFileReference; lastKnownFileType = image.png; name = redPlanet.png; path = "Basic Chat/Graphics/redPlanet.png"; sourceTree = SOURCE_ROOT; };
		049A51582318BD9E007D28ED /* ViewControllerBluetoothMode.swift */ = {isa = PBXFileReference; lastKnownFileType = sourcecode.swift; path = ViewControllerBluetoothMode.swift; sourceTree = "<group>"; };
		049ACEC82305135800A551F3 /* ScreenTransitions.swift */ = {isa = PBXFileReference; lastKnownFileType = sourcecode.swift; path = ScreenTransitions.swift; sourceTree = "<group>"; };
		04A40D7D2315F62800CFC0D1 /* GoogleService-Info.plist */ = {isa = PBXFileReference; fileEncoding = 4; lastKnownFileType = text.plist.xml; path = "GoogleService-Info.plist"; sourceTree = "<group>"; };
		04CE8F0622E432CC0049138E /* ViewControllerRules.swift */ = {isa = PBXFileReference; lastKnownFileType = sourcecode.swift; path = ViewControllerRules.swift; sourceTree = "<group>"; };
		04D4C6D22303AEC90079A72B /* mainMenuSong.mp3 */ = {isa = PBXFileReference; lastKnownFileType = audio.mp3; name = mainMenuSong.mp3; path = "Basic Chat/SFX/mainMenuSong.mp3"; sourceTree = SOURCE_ROOT; };
		04D87EEF22C1A1C100D92C3F /* Aldrich-Regular.ttf */ = {isa = PBXFileReference; lastKnownFileType = file; path = "Aldrich-Regular.ttf"; sourceTree = "<group>"; };
		04DB86DF22EFEDED007E673C /* Sniper Mode.mp4 */ = {isa = PBXFileReference; lastKnownFileType = file; name = "Sniper Mode.mp4"; path = "Basic Chat/Sniper Mode.mp4"; sourceTree = "<group>"; };
		04DB86E122EFFB80007E673C /* VideoPlayerView.swift */ = {isa = PBXFileReference; lastKnownFileType = sourcecode.swift; path = VideoPlayerView.swift; sourceTree = "<group>"; };
		04DB86E322EFFC82007E673C /* VideoLooperView.swift */ = {isa = PBXFileReference; lastKnownFileType = sourcecode.swift; path = VideoLooperView.swift; sourceTree = "<group>"; };
		04DB86E522EFFD9A007E673C /* VideoClip.swift */ = {isa = PBXFileReference; lastKnownFileType = sourcecode.swift; path = VideoClip.swift; sourceTree = "<group>"; };
		04DED16122FF1307000D9928 /* Myriad Pro Semibold.ttf */ = {isa = PBXFileReference; lastKnownFileType = file; name = "Myriad Pro Semibold.ttf"; path = "Myriad Pro/Myriad Pro Semibold.ttf"; sourceTree = "<group>"; };
		04E0570122EEA2DC00AAD456 /* ViewControllerHallOfFame.swift */ = {isa = PBXFileReference; lastKnownFileType = sourcecode.swift; path = ViewControllerHallOfFame.swift; sourceTree = "<group>"; };
		04EAC36E2316C17100919990 /* Login.storyboard */ = {isa = PBXFileReference; lastKnownFileType = file.storyboard; path = Login.storyboard; sourceTree = "<group>"; };
		04EAC3712316C1CA00919990 /* ViewControllerLogin.swift */ = {isa = PBXFileReference; lastKnownFileType = sourcecode.swift; path = ViewControllerLogin.swift; sourceTree = "<group>"; };
		04EAC3732316C2E100919990 /* ViewControllerRegister.swift */ = {isa = PBXFileReference; lastKnownFileType = sourcecode.swift; path = ViewControllerRegister.swift; sourceTree = "<group>"; };
		04F6BE97230E413100B9C023 /* ViewControllerGamemode.swift */ = {isa = PBXFileReference; lastKnownFileType = sourcecode.swift; path = ViewControllerGamemode.swift; sourceTree = "<group>"; };
		1C17D20A246241E38D6F83C3 /* Pods_Planet_Pong.framework */ = {isa = PBXFileReference; explicitFileType = wrapper.framework; includeInIndex = 0; path = Pods_Planet_Pong.framework; sourceTree = BUILT_PRODUCTS_DIR; };
		7DA0D5932259653500D999BB /* ViewControllerGamemodeClassic.swift */ = {isa = PBXFileReference; fileEncoding = 4; lastKnownFileType = sourcecode.swift; path = ViewControllerGamemodeClassic.swift; sourceTree = "<group>"; };
		9F8849BABDA5D961FCD7C601 /* Pods-Planet Pong.debug.xcconfig */ = {isa = PBXFileReference; includeInIndex = 1; lastKnownFileType = text.xcconfig; name = "Pods-Planet Pong.debug.xcconfig"; path = "Target Support Files/Pods-Planet Pong/Pods-Planet Pong.debug.xcconfig"; sourceTree = "<group>"; };
		D50657231DF2F4C8002B7557 /* UUIDKey.swift */ = {isa = PBXFileReference; fileEncoding = 4; lastKnownFileType = sourcecode.swift; path = UUIDKey.swift; sourceTree = "<group>"; };
		D50657251DF45E04002B7557 /* UartModuleViewController.swift */ = {isa = PBXFileReference; fileEncoding = 4; lastKnownFileType = sourcecode.swift; path = UartModuleViewController.swift; sourceTree = "<group>"; };
		D5B24DD81DEE393B00D33B5A /* Planet Pong.app */ = {isa = PBXFileReference; explicitFileType = wrapper.application; includeInIndex = 0; path = "Planet Pong.app"; sourceTree = BUILT_PRODUCTS_DIR; };
		D5B24DDB1DEE393B00D33B5A /* AppDelegate.swift */ = {isa = PBXFileReference; lastKnownFileType = sourcecode.swift; path = AppDelegate.swift; sourceTree = "<group>"; };
		D5B24DE01DEE393B00D33B5A /* Base */ = {isa = PBXFileReference; lastKnownFileType = file.storyboard; name = Base; path = Base.lproj/Pairing.storyboard; sourceTree = "<group>"; };
		D5B24DE21DEE393B00D33B5A /* Assets.xcassets */ = {isa = PBXFileReference; lastKnownFileType = folder.assetcatalog; path = Assets.xcassets; sourceTree = "<group>"; };
		D5B24DE51DEE393B00D33B5A /* Base */ = {isa = PBXFileReference; lastKnownFileType = file.storyboard; name = Base; path = Base.lproj/LaunchScreen.storyboard; sourceTree = "<group>"; };
		D5B24DE71DEE393B00D33B5A /* Info.plist */ = {isa = PBXFileReference; lastKnownFileType = text.plist.xml; path = Info.plist; sourceTree = "<group>"; };
		D5B24DED1DEE399800D33B5A /* ViewControllerPairing.swift */ = {isa = PBXFileReference; fileEncoding = 4; lastKnownFileType = sourcecode.swift; path = ViewControllerPairing.swift; sourceTree = "<group>"; };
		D5B24DEF1DEF153A00D33B5A /* PeripheralTableViewCell.swift */ = {isa = PBXFileReference; fileEncoding = 4; lastKnownFileType = sourcecode.swift; path = PeripheralTableViewCell.swift; sourceTree = "<group>"; };
		E97E9DBECEA3C9634F65F33F /* Pods-Planet Pong.release.xcconfig */ = {isa = PBXFileReference; includeInIndex = 1; lastKnownFileType = text.xcconfig; name = "Pods-Planet Pong.release.xcconfig"; path = "Target Support Files/Pods-Planet Pong/Pods-Planet Pong.release.xcconfig"; sourceTree = "<group>"; };
/* End PBXFileReference section */

/* Begin PBXFrameworksBuildPhase section */
		D5B24DD51DEE393B00D33B5A /* Frameworks */ = {
			isa = PBXFrameworksBuildPhase;
			buildActionMask = 2147483647;
			files = (
				B1A0C03A91272541C6B0FDD6 /* Pods_Planet_Pong.framework in Frameworks */,
			);
			runOnlyForDeploymentPostprocessing = 0;
		};
/* End PBXFrameworksBuildPhase section */

/* Begin PBXGroup section */
		040E756822AF496400E4B1F7 /* Game Results */ = {
			isa = PBXGroup;
			children = (
				040E757922AF4E8900E4B1F7 /* GameResults.storyboard */,
				040E757B22AF4EAE00E4B1F7 /* ViewControllerGameResults.swift */,
			);
			path = "Game Results";
			sourceTree = "<group>";
		};
		040E756922AF496E00E4B1F7 /* Tutorial */ = {
			isa = PBXGroup;
			children = (
				040E757522AF4E1600E4B1F7 /* Tutorial.storyboard */,
				040E757722AF4E4D00E4B1F7 /* ViewControllerTutorial.swift */,
				04DB86E122EFFB80007E673C /* VideoPlayerView.swift */,
				04DB86E322EFFC82007E673C /* VideoLooperView.swift */,
				04DB86E522EFFD9A007E673C /* VideoClip.swift */,
			);
			path = Tutorial;
			sourceTree = "<group>";
		};
		040E756A22AF497500E4B1F7 /* Game Settings */ = {
			isa = PBXGroup;
			children = (
				040E757122AF4CF500E4B1F7 /* GameSettings.storyboard */,
				040E757322AF4D2500E4B1F7 /* ViewControllerGameSettings.swift */,
			);
			path = "Game Settings";
			sourceTree = "<group>";
		};
		040E756B22AF499000E4B1F7 /* Gamemode Selection */ = {
			isa = PBXGroup;
			children = (
				040E756C22AF49C200E4B1F7 /* GamemodeSelection.storyboard */,
				040E756E22AF49D700E4B1F7 /* ViewControllerGamemodeSelection.swift */,
			);
			path = "Gamemode Selection";
			sourceTree = "<group>";
		};
		040F5FBB22A4E90B00D243D3 /* Bluetooth */ = {
			isa = PBXGroup;
			children = (
				D5B24DDF1DEE393B00D33B5A /* Pairing.storyboard */,
				D5B24DED1DEE399800D33B5A /* ViewControllerPairing.swift */,
				D50657251DF45E04002B7557 /* UartModuleViewController.swift */,
				D5B24DEF1DEF153A00D33B5A /* PeripheralTableViewCell.swift */,
				D5B24DDB1DEE393B00D33B5A /* AppDelegate.swift */,
				D50657231DF2F4C8002B7557 /* UUIDKey.swift */,
				049A51582318BD9E007D28ED /* ViewControllerBluetoothMode.swift */,
			);
			path = Bluetooth;
			sourceTree = "<group>";
		};
		040F5FBC22A4E91900D243D3 /* Gameplay */ = {
			isa = PBXGroup;
			children = (
				044DAC7E2302680E00BCA1C1 /* GamemodeWar.storyboard */,
				040E756422ADD72200E4B1F7 /* GamemodeClassic.storyboard */,
				7DA0D5932259653500D999BB /* ViewControllerGamemodeClassic.swift */,
				044DAC7C230267AE00BCA1C1 /* ViewControllerGamemodeWar.swift */,
				046E00F0230A5FEF000029D8 /* Spinner.storyboard */,
				046E00F2230A604F000029D8 /* ViewControllerSpinner.swift */,
				04F6BE97230E413100B9C023 /* ViewControllerGamemode.swift */,
			);
			path = Gameplay;
			sourceTree = "<group>";
		};
		040F5FBD22A4E92D00D243D3 /* Main Menu */ = {
			isa = PBXGroup;
			children = (
				040E756622ADDB0900E4B1F7 /* ViewControllerHome.swift */,
				040F5FB922A4E56C00D243D3 /* Home.storyboard */,
				0499223022FC76B300735F7D /* purplePlanet.png */,
				0499223422FC795400735F7D /* greenPlanet.png */,
				0499223622FC795800735F7D /* bluePlanet.png */,
				0499223822FC795F00735F7D /* redPlanet.png */,
				040F5FB522A4E35F00D243D3 /* logo1.png */,
				040F5FB722A4E4F600D243D3 /* logo2.png */,
				04CE8F0622E432CC0049138E /* ViewControllerRules.swift */,
				04E0570122EEA2DC00AAD456 /* ViewControllerHallOfFame.swift */,
				0457BBC722F2A79100188610 /* ViewControllerRulesSelection.swift */,
				0457BBC922F2A80600188610 /* ViewControllerRulesController.swift */,
				0474385C2311E39D00EBCDF6 /* ViewControllerSettings.swift */,
			);
			path = "Main Menu";
			sourceTree = "<group>";
		};
		046E004223091B83000029D8 /* Graphics */ = {
			isa = PBXGroup;
			children = (
				046E004323091B83000029D8 /* circleIcon.png */,
				046E004423091B83000029D8 /* Achievements */,
				046E005323091B83000029D8 /* fireIconLit.png */,
				046E005423091B83000029D8 /* musicIcon.png */,
				046E005523091B83000029D8 /* logo2.zip */,
				046E005623091B83000029D8 /* settingsWheel.png */,
				046E005723091B83000029D8 /* purplePlanet.png */,
				046E005823091B83000029D8 /* greenPlanet.png */,
				046E005923091B83000029D8 /* planetpongtutorialgraphics */,
				046E006123091B83000029D8 /* logo1.JPG */,
				046E006223091B83000029D8 /* pauseIcon.png */,
				046E006423091B83000029D8 /* bluePlanet.png */,
				046E006523091B83000029D8 /* logo2.png */,
				046E006623091B83000029D8 /* unnamed.jpg */,
				046E006723091B83000029D8 /* redPlanet.png */,
				046E006823091B83000029D8 /* vector-bubbles-exclamation-6.png */,
				046E006923091B83000029D8 /* planetpongbackgrounds */,
				046E006C23091B83000029D8 /* fireIcon.png */,
				046E006D23091B83000029D8 /* logo2 */,
			);
			path = Graphics;
			sourceTree = "<group>";
		};
		046E004423091B83000029D8 /* Achievements */ = {
			isa = PBXGroup;
			children = (
				046E004523091B83000029D8 /* Castaway@0.5x.png */,
				046E004623091B83000029D8 /* Rerack@0.5x.png */,
				046E004723091B83000029D8 /* Reaper@0.5x.png */,
				046E004823091B83000029D8 /* FlagGreen@0.5x.png */,
				046E004923091B83000029D8 /* ComebackKing@0.5x.png */,
				046E004A23091B83000029D8 /* LastCup@0.5x.png */,
				046E004B23091B83000029D8 /* FlagPurple@0.5x.png */,
				046E004C23091B83000029D8 /* FlagRed@0.5x.png */,
				046E004D23091B83000029D8 /* Pantsdown@0.5x.png */,
				046E004E23091B83000029D8 /* Flag@0.5x.png */,
				046E004F23091B83000029D8 /* Overtime@0.5x.png */,
				046E005023091B83000029D8 /* Pyromaniac@0.5x.png */,
				046E005123091B83000029D8 /* Eliminated@0.5x.png */,
				046E005223091B83000029D8 /* BackArrowIcon.png */,
			);
			path = Achievements;
			sourceTree = "<group>";
		};
		046E005923091B83000029D8 /* planetpongtutorialgraphics */ = {
			isa = PBXGroup;
			children = (
				046E005A23091B83000029D8 /* CameraArtboard 1@0.5x friends.png */,
				046E005B23091B83000029D8 /* planetpongmachine.png */,
				046E005C23091B83000029D8 /* CameraArtboard 5@0.5x.png */,
				046E005D23091B83000029D8 /* CameraArtboard 4@0.5x.png */,
				046E005E23091B83000029D8 /* CameraArtboard 1@0.5x plastic.png */,
				046E005F23091B83000029D8 /* CameraArtboard 1@0.5x distance.png */,
				046E006023091B83000029D8 /* CameraArtboard 4@0.5x drop.png */,
			);
			path = planetpongtutorialgraphics;
			sourceTree = "<group>";
		};
		046E006923091B83000029D8 /* planetpongbackgrounds */ = {
			isa = PBXGroup;
			children = (
				046E006A23091B83000029D8 /* starsbackground.png */,
				046E006B23091B83000029D8 /* purplefadebackground.png */,
			);
			path = planetpongbackgrounds;
			sourceTree = "<group>";
		};
		046E006D23091B83000029D8 /* logo2 */ = {
			isa = PBXGroup;
			children = (
				046E006E23091B83000029D8 /* ios */,
				046E008423091B83000029D8 /* android */,
				046E009223091B83000029D8 /* imessenger */,
			);
			path = logo2;
			sourceTree = "<group>";
		};
		046E006E23091B83000029D8 /* ios */ = {
			isa = PBXGroup;
			children = (
				046E006F23091B83000029D8 /* iTunesArtwork@1x.png */,
				046E007023091B83000029D8 /* AppIcon.appiconset */,
				046E008123091B83000029D8 /* README.md */,
				046E008223091B83000029D8 /* iTunesArtwork@2x.png */,
				046E008323091B83000029D8 /* iTunesArtwork@3x.png */,
			);
			path = ios;
			sourceTree = "<group>";
		};
		046E007023091B83000029D8 /* AppIcon.appiconset */ = {
			isa = PBXGroup;
			children = (
				046E007123091B83000029D8 /* Icon-App-76x76@2x.png */,
				046E007223091B83000029D8 /* Icon-App-29x29@1x.png */,
				046E007323091B83000029D8 /* Icon-App-40x40@1x.png */,
				046E007423091B83000029D8 /* Icon-App-20x20@1x.png */,
				046E007523091B83000029D8 /* Icon-App-83.5x83.5@2x.png */,
				046E007623091B83000029D8 /* Icon-App-20x20@3x.png */,
				046E007723091B83000029D8 /* ItunesArtwork@2x.png */,
				046E007823091B83000029D8 /* Contents.json */,
				046E007923091B83000029D8 /* Icon-App-20x20@2x.png */,
				046E007A23091B83000029D8 /* Icon-App-29x29@3x.png */,
				046E007B23091B83000029D8 /* Icon-App-40x40@2x.png */,
				046E007C23091B83000029D8 /* Icon-App-60x60@3x.png */,
				046E007D23091B83000029D8 /* Icon-App-60x60@2x.png */,
				046E007E23091B83000029D8 /* Icon-App-76x76@1x.png */,
				046E007F23091B83000029D8 /* Icon-App-40x40@3x.png */,
				046E008023091B83000029D8 /* Icon-App-29x29@2x.png */,
			);
			path = AppIcon.appiconset;
			sourceTree = "<group>";
		};
		046E008423091B83000029D8 /* android */ = {
			isa = PBXGroup;
			children = (
				046E008523091B83000029D8 /* mipmap-mdpi */,
				046E008723091B83000029D8 /* playstore-icon.png */,
				046E008823091B83000029D8 /* mipmap-hdpi */,
				046E008A23091B83000029D8 /* mipmap-ldpi */,
				046E008C23091B83000029D8 /* mipmap-xxxhdpi */,
				046E008E23091B83000029D8 /* mipmap-xxhdpi */,
				046E009023091B83000029D8 /* mipmap-xhdpi */,
			);
			path = android;
			sourceTree = "<group>";
		};
		046E008523091B83000029D8 /* mipmap-mdpi */ = {
			isa = PBXGroup;
			children = (
				046E008623091B83000029D8 /* ic_launcher.png */,
			);
			path = "mipmap-mdpi";
			sourceTree = "<group>";
		};
		046E008823091B83000029D8 /* mipmap-hdpi */ = {
			isa = PBXGroup;
			children = (
				046E008923091B83000029D8 /* ic_launcher.png */,
			);
			path = "mipmap-hdpi";
			sourceTree = "<group>";
		};
		046E008A23091B83000029D8 /* mipmap-ldpi */ = {
			isa = PBXGroup;
			children = (
				046E008B23091B83000029D8 /* ic_launcher.png */,
			);
			path = "mipmap-ldpi";
			sourceTree = "<group>";
		};
		046E008C23091B83000029D8 /* mipmap-xxxhdpi */ = {
			isa = PBXGroup;
			children = (
				046E008D23091B83000029D8 /* ic_launcher.png */,
			);
			path = "mipmap-xxxhdpi";
			sourceTree = "<group>";
		};
		046E008E23091B83000029D8 /* mipmap-xxhdpi */ = {
			isa = PBXGroup;
			children = (
				046E008F23091B83000029D8 /* ic_launcher.png */,
			);
			path = "mipmap-xxhdpi";
			sourceTree = "<group>";
		};
		046E009023091B83000029D8 /* mipmap-xhdpi */ = {
			isa = PBXGroup;
			children = (
				046E009123091B83000029D8 /* ic_launcher.png */,
			);
			path = "mipmap-xhdpi";
			sourceTree = "<group>";
		};
		046E009223091B83000029D8 /* imessenger */ = {
			isa = PBXGroup;
			children = (
				046E009323091B83000029D8 /* icon-messages-app-iPhone-60x45@1x.png */,
				046E009423091B83000029D8 /* icon-messages-app-iPadAir-67x50@2x.png */,
				046E009523091B83000029D8 /* icon-messages-app-store-1024x768.png */,
				046E009623091B83000029D8 /* icon-messages-transcript-32x24@3x.png */,
				046E009723091B83000029D8 /* icon-messages-app-27x20@1x.png */,
				046E009823091B83000029D8 /* icon-messages-transcript-32x24@2x.png */,
				046E009923091B83000029D8 /* icon-messages-app-27x20@2x.png */,
				046E009A23091B83000029D8 /* icon-messages-transcript-32x24@1x.png */,
				046E009B23091B83000029D8 /* icon-messages-app-27x20@3x.png */,
				046E009C23091B83000029D8 /* icon-messages-app-iPadAir-74x55@2x.png */,
				046E009D23091B83000029D8 /* icon-messages-app-iPhone-60x45@3x.png */,
				046E009E23091B83000029D8 /* icon-messages-app-iPhone-60x45@2x.png */,
			);
			path = imessenger;
			sourceTree = "<group>";
		};
		046E00ED23091FB7000029D8 /* Graphic Effects */ = {
			isa = PBXGroup;
			children = (
				046E00EE23091FDC000029D8 /* SpaceVibe.swift */,
			);
			path = "Graphic Effects";
			sourceTree = "<group>";
		};
		0482ADCF22BFF0F700D6FF10 /* Scores */ = {
			isa = PBXGroup;
			children = (
				0482ADD022BFF0F700D6FF10 /* Scores.storyboard */,
				0482ADD122BFF0F700D6FF10 /* ViewControllerClassicScores.swift */,
				0482ADD222BFF0F700D6FF10 /* ViewControllerScores.swift */,
				0482ADD322BFF0F700D6FF10 /* ClassicScores.storyboard */,
				0482ADD422BFF0F700D6FF10 /* Gamemode.swift */,
			);
			path = Scores;
			sourceTree = "<group>";
		};
		049ACEC72305133800A551F3 /* Screen Transitions */ = {
			isa = PBXGroup;
			children = (
				049ACEC82305135800A551F3 /* ScreenTransitions.swift */,
			);
			path = "Screen Transitions";
			sourceTree = "<group>";
		};
		04D4C6D12303AEAA0079A72B /* SFX */ = {
			isa = PBXGroup;
			children = (
				040EB82C230BAF6C00AB482D /* spinner1.mp3 */,
				040EB82D230BAF6D00AB482D /* spinner2.mp3 */,
				046E003D2308BB9C000029D8 /* sniperSong.mp3 */,
				04D4C6D22303AEC90079A72B /* mainMenuSong.mp3 */,
				046E003F2308BBA1000029D8 /* warSong.mp3 */,
			);
			name = SFX;
			path = ../SFX;
			sourceTree = "<group>";
		};
		04D87EEE22C1A1C100D92C3F /* Fonts */ = {
			isa = PBXGroup;
			children = (
				046628742307E01F00F3ADA4 /* Myriad Pro Bold Italic.ttf */,
				046628732307E00900F3ADA4 /* Myriad Pro Black Italic.otf */,
				04DED16122FF1307000D9928 /* Myriad Pro Semibold.ttf */,
				04D87EEF22C1A1C100D92C3F /* Aldrich-Regular.ttf */,
			);
			path = Fonts;
			sourceTree = "<group>";
		};
		04EAC3702316C17B00919990 /* Login */ = {
			isa = PBXGroup;
			children = (
				04EAC36E2316C17100919990 /* Login.storyboard */,
				04EAC3712316C1CA00919990 /* ViewControllerLogin.swift */,
				04EAC3732316C2E100919990 /* ViewControllerRegister.swift */,
			);
			path = Login;
			sourceTree = "<group>";
		};
		21408B3B462819635B24DC53 /* Pods */ = {
			isa = PBXGroup;
			children = (
				9F8849BABDA5D961FCD7C601 /* Pods-Planet Pong.debug.xcconfig */,
				E97E9DBECEA3C9634F65F33F /* Pods-Planet Pong.release.xcconfig */,
			);
			path = Pods;
			sourceTree = "<group>";
		};
		8DF6EF9A734EBB47C91AF2DD /* Frameworks */ = {
			isa = PBXGroup;
			children = (
				1C17D20A246241E38D6F83C3 /* Pods_Planet_Pong.framework */,
			);
			name = Frameworks;
			sourceTree = "<group>";
		};
		D5B24DCF1DEE393B00D33B5A = {
			isa = PBXGroup;
			children = (
				04DB86DF22EFEDED007E673C /* Sniper Mode.mp4 */,
				D5B24DDA1DEE393B00D33B5A /* Basic Chat */,
				D5B24DD91DEE393B00D33B5A /* Products */,
				21408B3B462819635B24DC53 /* Pods */,
				8DF6EF9A734EBB47C91AF2DD /* Frameworks */,
			);
			sourceTree = "<group>";
		};
		D5B24DD91DEE393B00D33B5A /* Products */ = {
			isa = PBXGroup;
			children = (
				D5B24DD81DEE393B00D33B5A /* Planet Pong.app */,
			);
			name = Products;
			sourceTree = "<group>";
		};
		D5B24DDA1DEE393B00D33B5A /* Basic Chat */ = {
			isa = PBXGroup;
			children = (
				04EAC3702316C17B00919990 /* Login */,
				04A40D7D2315F62800CFC0D1 /* GoogleService-Info.plist */,
				046E00ED23091FB7000029D8 /* Graphic Effects */,
				046E004223091B83000029D8 /* Graphics */,
				049ACEC72305133800A551F3 /* Screen Transitions */,
				04D4C6D12303AEAA0079A72B /* SFX */,
				0482ADCF22BFF0F700D6FF10 /* Scores */,
				04D87EEE22C1A1C100D92C3F /* Fonts */,
				040E756B22AF499000E4B1F7 /* Gamemode Selection */,
				040E756A22AF497500E4B1F7 /* Game Settings */,
				040E756922AF496E00E4B1F7 /* Tutorial */,
				040E756822AF496400E4B1F7 /* Game Results */,
				040F5FBD22A4E92D00D243D3 /* Main Menu */,
				040F5FBC22A4E91900D243D3 /* Gameplay */,
				040F5FBB22A4E90B00D243D3 /* Bluetooth */,
				D5B24DE21DEE393B00D33B5A /* Assets.xcassets */,
				D5B24DE41DEE393B00D33B5A /* LaunchScreen.storyboard */,
				D5B24DE71DEE393B00D33B5A /* Info.plist */,
			);
			path = "Basic Chat";
			sourceTree = "<group>";
		};
/* End PBXGroup section */

/* Begin PBXNativeTarget section */
		D5B24DD71DEE393B00D33B5A /* Planet Pong */ = {
			isa = PBXNativeTarget;
			buildConfigurationList = D5B24DEA1DEE393B00D33B5A /* Build configuration list for PBXNativeTarget "Planet Pong" */;
			buildPhases = (
				445662D4C94FD8794C2CD52A /* [CP] Check Pods Manifest.lock */,
				D5B24DD41DEE393B00D33B5A /* Sources */,
				D5B24DD51DEE393B00D33B5A /* Frameworks */,
				D5B24DD61DEE393B00D33B5A /* Resources */,
				868C0701DB2D45C982B35011 /* [CP] Embed Pods Frameworks */,
				8CC9CCE415F96587F7837660 /* [CP] Copy Pods Resources */,
			);
			buildRules = (
			);
			dependencies = (
			);
			name = "Planet Pong";
			productName = "Basic Chat";
			productReference = D5B24DD81DEE393B00D33B5A /* Planet Pong.app */;
			productType = "com.apple.product-type.application";
		};
/* End PBXNativeTarget section */

/* Begin PBXProject section */
		D5B24DD01DEE393B00D33B5A /* Project object */ = {
			isa = PBXProject;
			attributes = {
				KnownAssetTags = (
					Un,
				);
				LastSwiftUpdateCheck = 0800;
				LastUpgradeCheck = 1020;
				ORGANIZATIONNAME = "Vanguard Logic LLC";
				TargetAttributes = {
					D5B24DD71DEE393B00D33B5A = {
						CreatedOnToolsVersion = 8.0;
						DevelopmentTeam = 72RBJN2RMF;
						LastSwiftMigration = 1020;
						ProvisioningStyle = Automatic;
					};
				};
			};
			buildConfigurationList = D5B24DD31DEE393B00D33B5A /* Build configuration list for PBXProject "Planet Pong" */;
			compatibilityVersion = "Xcode 3.2";
			developmentRegion = en;
			hasScannedForEncodings = 0;
			knownRegions = (
				en,
				Base,
			);
			mainGroup = D5B24DCF1DEE393B00D33B5A;
			productRefGroup = D5B24DD91DEE393B00D33B5A /* Products */;
			projectDirPath = "";
			projectRoot = "";
			targets = (
				D5B24DD71DEE393B00D33B5A /* Planet Pong */,
			);
		};
/* End PBXProject section */

/* Begin PBXResourcesBuildPhase section */
		D5B24DD61DEE393B00D33B5A /* Resources */ = {
			isa = PBXResourcesBuildPhase;
			buildActionMask = 2147483647;
			files = (
				046E00A223091B83000029D8 /* Reaper@0.5x.png in Resources */,
				046E00E723091B83000029D8 /* icon-messages-app-27x20@2x.png in Resources */,
				040EB82E230BAF6D00AB482D /* spinner1.mp3 in Resources */,
				046E00B423091B83000029D8 /* CameraArtboard 1@0.5x friends.png in Resources */,
				046E00CA23091B83000029D8 /* Icon-App-20x20@1x.png in Resources */,
				046E00AD23091B83000029D8 /* BackArrowIcon.png in Resources */,
				046E00C423091B83000029D8 /* purplefadebackground.png in Resources */,
				046E00C323091B83000029D8 /* starsbackground.png in Resources */,
				04EAC36F2316C17100919990 /* Login.storyboard in Resources */,
				046E00C923091B83000029D8 /* Icon-App-40x40@1x.png in Resources */,
				046E00A823091B83000029D8 /* Pantsdown@0.5x.png in Resources */,
				046E00C023091B83000029D8 /* unnamed.jpg in Resources */,
				046E00EB23091B83000029D8 /* icon-messages-app-iPhone-60x45@3x.png in Resources */,
				04D4C6D32303AEC90079A72B /* mainMenuSong.mp3 in Resources */,
				04DB86E022EFEDEE007E673C /* Sniper Mode.mp4 in Resources */,
				046E00A023091B83000029D8 /* Castaway@0.5x.png in Resources */,
				046E00BE23091B83000029D8 /* bluePlanet.png in Resources */,
				046E00E423091B83000029D8 /* icon-messages-transcript-32x24@3x.png in Resources */,
				046E00BF23091B83000029D8 /* logo2.png in Resources */,
				0499223522FC795400735F7D /* greenPlanet.png in Resources */,
				040E757622AF4E1600E4B1F7 /* Tutorial.storyboard in Resources */,
				046E00D623091B83000029D8 /* Icon-App-29x29@2x.png in Resources */,
				046E00402308BBA1000029D8 /* warSong.mp3 in Resources */,
				046E00A323091B83000029D8 /* FlagGreen@0.5x.png in Resources */,
				046E00A923091B83000029D8 /* Flag@0.5x.png in Resources */,
				046E00D823091B83000029D8 /* iTunesArtwork@2x.png in Resources */,
				046E00D023091B83000029D8 /* Icon-App-29x29@3x.png in Resources */,
				046E003E2308BB9C000029D8 /* sniperSong.mp3 in Resources */,
				046E00A623091B83000029D8 /* FlagPurple@0.5x.png in Resources */,
				046E00CF23091B83000029D8 /* Icon-App-20x20@2x.png in Resources */,
				0499223922FC795F00735F7D /* redPlanet.png in Resources */,
				046E00A523091B83000029D8 /* LastCup@0.5x.png in Resources */,
				040E757A22AF4E8900E4B1F7 /* GameResults.storyboard in Resources */,
				040E756D22AF49C200E4B1F7 /* GamemodeSelection.storyboard in Resources */,
				044DAC7F2302680E00BCA1C1 /* GamemodeWar.storyboard in Resources */,
				046E00B023091B83000029D8 /* logo2.zip in Resources */,
				D5B24DE61DEE393B00D33B5A /* LaunchScreen.storyboard in Resources */,
				046E00B723091B83000029D8 /* CameraArtboard 4@0.5x.png in Resources */,
				046E00E123091B83000029D8 /* icon-messages-app-iPhone-60x45@1x.png in Resources */,
				046E00B523091B83000029D8 /* planetpongmachine.png in Resources */,
				046E00C123091B83000029D8 /* redPlanet.png in Resources */,
				046E00D423091B83000029D8 /* Icon-App-76x76@1x.png in Resources */,
				046E00D123091B83000029D8 /* Icon-App-40x40@2x.png in Resources */,
				046E00C823091B83000029D8 /* Icon-App-29x29@1x.png in Resources */,
				046E00BC23091B83000029D8 /* pauseIcon.png in Resources */,
				046E00AB23091B83000029D8 /* Pyromaniac@0.5x.png in Resources */,
				046E00CD23091B83000029D8 /* ItunesArtwork@2x.png in Resources */,
				046E00E923091B83000029D8 /* icon-messages-app-27x20@3x.png in Resources */,
				046E00EC23091B83000029D8 /* icon-messages-app-iPhone-60x45@2x.png in Resources */,
				046E00B923091B83000029D8 /* CameraArtboard 1@0.5x distance.png in Resources */,
				040E756522ADD72300E4B1F7 /* GamemodeClassic.storyboard in Resources */,
				046E00A423091B83000029D8 /* ComebackKing@0.5x.png in Resources */,
				046E00CC23091B83000029D8 /* Icon-App-20x20@3x.png in Resources */,
				046E00B223091B83000029D8 /* purplePlanet.png in Resources */,
				046E00DB23091B83000029D8 /* playstore-icon.png in Resources */,
				046E00E323091B83000029D8 /* icon-messages-app-store-1024x768.png in Resources */,
				046E00AC23091B83000029D8 /* Eliminated@0.5x.png in Resources */,
				046E00C723091B83000029D8 /* Icon-App-76x76@2x.png in Resources */,
				D5B24DE31DEE393B00D33B5A /* Assets.xcassets in Resources */,
				0482ADD522BFF0F700D6FF10 /* Scores.storyboard in Resources */,
				040F5FBA22A4E56C00D243D3 /* Home.storyboard in Resources */,
				046E00A123091B83000029D8 /* Rerack@0.5x.png in Resources */,
				046E00AF23091B83000029D8 /* musicIcon.png in Resources */,
				04D87EF022C1A1C100D92C3F /* Aldrich-Regular.ttf in Resources */,
				046E00E823091B83000029D8 /* icon-messages-transcript-32x24@1x.png in Resources */,
				0482ADD822BFF0F700D6FF10 /* ClassicScores.storyboard in Resources */,
				046E00D523091B83000029D8 /* Icon-App-40x40@3x.png in Resources */,
				046E00D323091B83000029D8 /* Icon-App-60x60@2x.png in Resources */,
				046E00AE23091B83000029D8 /* fireIconLit.png in Resources */,
				046E00C523091B83000029D8 /* fireIcon.png in Resources */,
				046E00E523091B83000029D8 /* icon-messages-app-27x20@1x.png in Resources */,
				046628752307E26A00F3ADA4 /* Myriad Pro Black Italic.otf in Resources */,
				046E00BA23091B83000029D8 /* CameraArtboard 4@0.5x drop.png in Resources */,
				046E00BB23091B83000029D8 /* logo1.JPG in Resources */,
				046E00F1230A5FEF000029D8 /* Spinner.storyboard in Resources */,
				04A40D7E2315F62800CFC0D1 /* GoogleService-Info.plist in Resources */,
				046E00D923091B83000029D8 /* iTunesArtwork@3x.png in Resources */,
				046E00B123091B83000029D8 /* settingsWheel.png in Resources */,
				046E00D223091B83000029D8 /* Icon-App-60x60@3x.png in Resources */,
				046E00C623091B83000029D8 /* iTunesArtwork@1x.png in Resources */,
				040E757222AF4CF500E4B1F7 /* GameSettings.storyboard in Resources */,
				040EB82F230BAF6D00AB482D /* spinner2.mp3 in Resources */,
				046E00B323091B83000029D8 /* greenPlanet.png in Resources */,
				046E00AA23091B83000029D8 /* Overtime@0.5x.png in Resources */,
				046E00E223091B83000029D8 /* icon-messages-app-iPadAir-67x50@2x.png in Resources */,
				046E009F23091B83000029D8 /* circleIcon.png in Resources */,
				046E00C223091B83000029D8 /* vector-bubbles-exclamation-6.png in Resources */,
				046628762307E27B00F3ADA4 /* Myriad Pro Bold Italic.ttf in Resources */,
				046E00B623091B83000029D8 /* CameraArtboard 5@0.5x.png in Resources */,
				046E00CE23091B83000029D8 /* Contents.json in Resources */,
				046E00A723091B83000029D8 /* FlagRed@0.5x.png in Resources */,
				046E00CB23091B83000029D8 /* Icon-App-83.5x83.5@2x.png in Resources */,
				040F5FB622A4E35F00D243D3 /* logo1.png in Resources */,
				D5B24DE11DEE393B00D33B5A /* Pairing.storyboard in Resources */,
				046E00EA23091B83000029D8 /* icon-messages-app-iPadAir-74x55@2x.png in Resources */,
				0499223122FC76B300735F7D /* purplePlanet.png in Resources */,
				0499223722FC795900735F7D /* bluePlanet.png in Resources */,
				046E00E623091B83000029D8 /* icon-messages-transcript-32x24@2x.png in Resources */,
				046E00D723091B83000029D8 /* README.md in Resources */,
				046E00B823091B83000029D8 /* CameraArtboard 1@0.5x plastic.png in Resources */,
			);
			runOnlyForDeploymentPostprocessing = 0;
		};
/* End PBXResourcesBuildPhase section */

/* Begin PBXShellScriptBuildPhase section */
		445662D4C94FD8794C2CD52A /* [CP] Check Pods Manifest.lock */ = {
			isa = PBXShellScriptBuildPhase;
			buildActionMask = 2147483647;
			files = (
			);
			inputFileListPaths = (
			);
			inputPaths = (
				"${PODS_PODFILE_DIR_PATH}/Podfile.lock",
				"${PODS_ROOT}/Manifest.lock",
			);
			name = "[CP] Check Pods Manifest.lock";
			outputFileListPaths = (
			);
			outputPaths = (
				"$(DERIVED_FILE_DIR)/Pods-Planet Pong-checkManifestLockResult.txt",
			);
			runOnlyForDeploymentPostprocessing = 0;
			shellPath = /bin/sh;
			shellScript = "diff \"${PODS_PODFILE_DIR_PATH}/Podfile.lock\" \"${PODS_ROOT}/Manifest.lock\" > /dev/null\nif [ $? != 0 ] ; then\n    # print error to STDERR\n    echo \"error: The sandbox is not in sync with the Podfile.lock. Run 'pod install' or update your CocoaPods installation.\" >&2\n    exit 1\nfi\n# This output is used by Xcode 'outputs' to avoid re-running this script phase.\necho \"SUCCESS\" > \"${SCRIPT_OUTPUT_FILE_0}\"\n";
			showEnvVarsInLog = 0;
		};
		868C0701DB2D45C982B35011 /* [CP] Embed Pods Frameworks */ = {
			isa = PBXShellScriptBuildPhase;
			buildActionMask = 2147483647;
			files = (
			);
			inputPaths = (
				"${PODS_ROOT}/Target Support Files/Pods-Planet Pong/Pods-Planet Pong-frameworks.sh",
				"${BUILT_PRODUCTS_DIR}/BoringSSL-GRPC/openssl_grpc.framework",
				"${BUILT_PRODUCTS_DIR}/FBSDKCoreKit/FBSDKCoreKit.framework",
				"${BUILT_PRODUCTS_DIR}/FBSDKLoginKit/FBSDKLoginKit.framework",
				"${BUILT_PRODUCTS_DIR}/GTMSessionFetcher/GTMSessionFetcher.framework",
				"${BUILT_PRODUCTS_DIR}/GoogleToolboxForMac/GoogleToolboxForMac.framework",
				"${BUILT_PRODUCTS_DIR}/GoogleUtilities/GoogleUtilities.framework",
				"${BUILT_PRODUCTS_DIR}/Protobuf/Protobuf.framework",
				"${BUILT_PRODUCTS_DIR}/SDWebImage/SDWebImage.framework",
				"${BUILT_PRODUCTS_DIR}/StatusAlert/StatusAlert.framework",
				"${BUILT_PRODUCTS_DIR}/gRPC-C++/grpcpp.framework",
				"${BUILT_PRODUCTS_DIR}/gRPC-Core/grpc.framework",
				"${BUILT_PRODUCTS_DIR}/leveldb-library/leveldb.framework",
				"${BUILT_PRODUCTS_DIR}/nanopb/nanopb.framework",
			);
			name = "[CP] Embed Pods Frameworks";
			outputPaths = (
				"${TARGET_BUILD_DIR}/${FRAMEWORKS_FOLDER_PATH}/openssl_grpc.framework",
				"${TARGET_BUILD_DIR}/${FRAMEWORKS_FOLDER_PATH}/FBSDKCoreKit.framework",
				"${TARGET_BUILD_DIR}/${FRAMEWORKS_FOLDER_PATH}/FBSDKLoginKit.framework",
				"${TARGET_BUILD_DIR}/${FRAMEWORKS_FOLDER_PATH}/GTMSessionFetcher.framework",
				"${TARGET_BUILD_DIR}/${FRAMEWORKS_FOLDER_PATH}/GoogleToolboxForMac.framework",
				"${TARGET_BUILD_DIR}/${FRAMEWORKS_FOLDER_PATH}/GoogleUtilities.framework",
				"${TARGET_BUILD_DIR}/${FRAMEWORKS_FOLDER_PATH}/Protobuf.framework",
				"${TARGET_BUILD_DIR}/${FRAMEWORKS_FOLDER_PATH}/SDWebImage.framework",
				"${TARGET_BUILD_DIR}/${FRAMEWORKS_FOLDER_PATH}/StatusAlert.framework",
				"${TARGET_BUILD_DIR}/${FRAMEWORKS_FOLDER_PATH}/grpcpp.framework",
				"${TARGET_BUILD_DIR}/${FRAMEWORKS_FOLDER_PATH}/grpc.framework",
				"${TARGET_BUILD_DIR}/${FRAMEWORKS_FOLDER_PATH}/leveldb.framework",
				"${TARGET_BUILD_DIR}/${FRAMEWORKS_FOLDER_PATH}/nanopb.framework",
			);
			runOnlyForDeploymentPostprocessing = 0;
			shellPath = /bin/sh;
			shellScript = "\"${PODS_ROOT}/Target Support Files/Pods-Planet Pong/Pods-Planet Pong-frameworks.sh\"\n";
			showEnvVarsInLog = 0;
		};
		8CC9CCE415F96587F7837660 /* [CP] Copy Pods Resources */ = {
			isa = PBXShellScriptBuildPhase;
			buildActionMask = 2147483647;
			files = (
			);
			inputPaths = (
				"${PODS_ROOT}/Target Support Files/Pods-Planet Pong/Pods-Planet Pong-resources.sh",
				"${PODS_CONFIGURATION_BUILD_DIR}/FirebaseUI/FirebaseAnonymousAuthUI.bundle",
				"${PODS_CONFIGURATION_BUILD_DIR}/FirebaseUI/FirebaseAuthUI.bundle",
				"${PODS_CONFIGURATION_BUILD_DIR}/FirebaseUI/FirebaseEmailAuthUI.bundle",
				"${PODS_CONFIGURATION_BUILD_DIR}/FirebaseUI/FirebaseFacebookAuthUI.bundle",
				"${PODS_CONFIGURATION_BUILD_DIR}/FirebaseUI/FirebaseGoogleAuthUI.bundle",
				"${PODS_CONFIGURATION_BUILD_DIR}/FirebaseUI/FirebasePhoneAuthUI.bundle",
				"${PODS_ROOT}/GoogleSignIn/Resources/GoogleSignIn.bundle",
			);
			name = "[CP] Copy Pods Resources";
			outputPaths = (
				"${TARGET_BUILD_DIR}/${UNLOCALIZED_RESOURCES_FOLDER_PATH}/FirebaseAnonymousAuthUI.bundle",
				"${TARGET_BUILD_DIR}/${UNLOCALIZED_RESOURCES_FOLDER_PATH}/FirebaseAuthUI.bundle",
				"${TARGET_BUILD_DIR}/${UNLOCALIZED_RESOURCES_FOLDER_PATH}/FirebaseEmailAuthUI.bundle",
				"${TARGET_BUILD_DIR}/${UNLOCALIZED_RESOURCES_FOLDER_PATH}/FirebaseFacebookAuthUI.bundle",
				"${TARGET_BUILD_DIR}/${UNLOCALIZED_RESOURCES_FOLDER_PATH}/FirebaseGoogleAuthUI.bundle",
				"${TARGET_BUILD_DIR}/${UNLOCALIZED_RESOURCES_FOLDER_PATH}/FirebasePhoneAuthUI.bundle",
				"${TARGET_BUILD_DIR}/${UNLOCALIZED_RESOURCES_FOLDER_PATH}/GoogleSignIn.bundle",
			);
			runOnlyForDeploymentPostprocessing = 0;
			shellPath = /bin/sh;
			shellScript = "\"${PODS_ROOT}/Target Support Files/Pods-Planet Pong/Pods-Planet Pong-resources.sh\"\n";
			showEnvVarsInLog = 0;
		};
/* End PBXShellScriptBuildPhase section */

/* Begin PBXSourcesBuildPhase section */
		D5B24DD41DEE393B00D33B5A /* Sources */ = {
			isa = PBXSourcesBuildPhase;
			buildActionMask = 2147483647;
			files = (
				0482ADD622BFF0F700D6FF10 /* ViewControllerClassicScores.swift in Sources */,
				04CE8F0722E432CC0049138E /* ViewControllerRules.swift in Sources */,
				040E757C22AF4EAE00E4B1F7 /* ViewControllerGameResults.swift in Sources */,
				04DB86E222EFFB80007E673C /* VideoPlayerView.swift in Sources */,
				D50657241DF2F4C8002B7557 /* UUIDKey.swift in Sources */,
				049ACEC92305135800A551F3 /* ScreenTransitions.swift in Sources */,
				04DB86E422EFFC82007E673C /* VideoLooperView.swift in Sources */,
				D5B24DEE1DEE399800D33B5A /* ViewControllerPairing.swift in Sources */,
				040E756722ADDB0900E4B1F7 /* ViewControllerHome.swift in Sources */,
				044DAC7D230267AE00BCA1C1 /* ViewControllerGamemodeWar.swift in Sources */,
				7DA0D5942259653500D999BB /* ViewControllerGamemodeClassic.swift in Sources */,
				046E00F3230A604F000029D8 /* ViewControllerSpinner.swift in Sources */,
				04EAC3742316C2E100919990 /* ViewControllerRegister.swift in Sources */,
				04E0570222EEA2DC00AAD456 /* ViewControllerHallOfFame.swift in Sources */,
				046E00EF23091FDC000029D8 /* SpaceVibe.swift in Sources */,
				040E756F22AF49D700E4B1F7 /* ViewControllerGamemodeSelection.swift in Sources */,
				D5B24DDC1DEE393B00D33B5A /* AppDelegate.swift in Sources */,
				0457BBC822F2A79100188610 /* ViewControllerRulesSelection.swift in Sources */,
				0482ADD922BFF0F700D6FF10 /* Gamemode.swift in Sources */,
				0482ADD722BFF0F700D6FF10 /* ViewControllerScores.swift in Sources */,
				0457BBCA22F2A80600188610 /* ViewControllerRulesController.swift in Sources */,
				D50657261DF45E04002B7557 /* UartModuleViewController.swift in Sources */,
				049A51592318BD9E007D28ED /* ViewControllerBluetoothMode.swift in Sources */,
				D5B24DF11DEF153A00D33B5A /* PeripheralTableViewCell.swift in Sources */,
				04DB86E622EFFD9A007E673C /* VideoClip.swift in Sources */,
				04F6BE98230E413100B9C023 /* ViewControllerGamemode.swift in Sources */,
				04EAC3722316C1CA00919990 /* ViewControllerLogin.swift in Sources */,
				040E757822AF4E4D00E4B1F7 /* ViewControllerTutorial.swift in Sources */,
				040E757422AF4D2500E4B1F7 /* ViewControllerGameSettings.swift in Sources */,
				0474385D2311E39D00EBCDF6 /* ViewControllerSettings.swift in Sources */,
			);
			runOnlyForDeploymentPostprocessing = 0;
		};
/* End PBXSourcesBuildPhase section */

/* Begin PBXVariantGroup section */
		D5B24DDF1DEE393B00D33B5A /* Pairing.storyboard */ = {
			isa = PBXVariantGroup;
			children = (
				D5B24DE01DEE393B00D33B5A /* Base */,
			);
			name = Pairing.storyboard;
			sourceTree = "<group>";
		};
		D5B24DE41DEE393B00D33B5A /* LaunchScreen.storyboard */ = {
			isa = PBXVariantGroup;
			children = (
				D5B24DE51DEE393B00D33B5A /* Base */,
			);
			name = LaunchScreen.storyboard;
			sourceTree = "<group>";
		};
/* End PBXVariantGroup section */

/* Begin XCBuildConfiguration section */
		D5B24DE81DEE393B00D33B5A /* Debug */ = {
			isa = XCBuildConfiguration;
			buildSettings = {
				ALWAYS_SEARCH_USER_PATHS = NO;
				CLANG_ANALYZER_LOCALIZABILITY_NONLOCALIZED = YES;
				CLANG_ANALYZER_NONNULL = YES;
				CLANG_CXX_LANGUAGE_STANDARD = "gnu++0x";
				CLANG_CXX_LIBRARY = "libc++";
				CLANG_ENABLE_MODULES = YES;
				CLANG_ENABLE_OBJC_ARC = YES;
				CLANG_WARN_BLOCK_CAPTURE_AUTORELEASING = YES;
				CLANG_WARN_BOOL_CONVERSION = YES;
				CLANG_WARN_COMMA = YES;
				CLANG_WARN_CONSTANT_CONVERSION = YES;
				CLANG_WARN_DEPRECATED_OBJC_IMPLEMENTATIONS = YES;
				CLANG_WARN_DIRECT_OBJC_ISA_USAGE = YES_ERROR;
				CLANG_WARN_DOCUMENTATION_COMMENTS = YES;
				CLANG_WARN_EMPTY_BODY = YES;
				CLANG_WARN_ENUM_CONVERSION = YES;
				CLANG_WARN_INFINITE_RECURSION = YES;
				CLANG_WARN_INT_CONVERSION = YES;
				CLANG_WARN_NON_LITERAL_NULL_CONVERSION = YES;
				CLANG_WARN_OBJC_IMPLICIT_RETAIN_SELF = YES;
				CLANG_WARN_OBJC_LITERAL_CONVERSION = YES;
				CLANG_WARN_OBJC_ROOT_CLASS = YES_ERROR;
				CLANG_WARN_RANGE_LOOP_ANALYSIS = YES;
				CLANG_WARN_STRICT_PROTOTYPES = YES;
				CLANG_WARN_SUSPICIOUS_MOVE = YES;
				CLANG_WARN_SUSPICIOUS_MOVES = YES;
				CLANG_WARN_UNREACHABLE_CODE = YES;
				CLANG_WARN__DUPLICATE_METHOD_MATCH = YES;
				"CODE_SIGN_IDENTITY[sdk=iphoneos*]" = "iPhone Developer";
				COPY_PHASE_STRIP = NO;
				DEBUG_INFORMATION_FORMAT = dwarf;
				ENABLE_STRICT_OBJC_MSGSEND = YES;
				ENABLE_TESTABILITY = YES;
				GCC_C_LANGUAGE_STANDARD = gnu99;
				GCC_DYNAMIC_NO_PIC = NO;
				GCC_NO_COMMON_BLOCKS = YES;
				GCC_OPTIMIZATION_LEVEL = 0;
				GCC_PREPROCESSOR_DEFINITIONS = (
					"DEBUG=1",
					"$(inherited)",
				);
				GCC_WARN_64_TO_32_BIT_CONVERSION = YES;
				GCC_WARN_ABOUT_RETURN_TYPE = YES_ERROR;
				GCC_WARN_UNDECLARED_SELECTOR = YES;
				GCC_WARN_UNINITIALIZED_AUTOS = YES_AGGRESSIVE;
				GCC_WARN_UNUSED_FUNCTION = YES;
				GCC_WARN_UNUSED_VARIABLE = YES;
				IPHONEOS_DEPLOYMENT_TARGET = 12.2;
				MTL_ENABLE_DEBUG_INFO = YES;
				ONLY_ACTIVE_ARCH = YES;
				SDKROOT = iphoneos;
				SWIFT_ACTIVE_COMPILATION_CONDITIONS = DEBUG;
				SWIFT_OPTIMIZATION_LEVEL = "-Onone";
				TARGETED_DEVICE_FAMILY = "1,2";
			};
			name = Debug;
		};
		D5B24DE91DEE393B00D33B5A /* Release */ = {
			isa = XCBuildConfiguration;
			buildSettings = {
				ALWAYS_SEARCH_USER_PATHS = NO;
				CLANG_ANALYZER_LOCALIZABILITY_NONLOCALIZED = YES;
				CLANG_ANALYZER_NONNULL = YES;
				CLANG_CXX_LANGUAGE_STANDARD = "gnu++0x";
				CLANG_CXX_LIBRARY = "libc++";
				CLANG_ENABLE_MODULES = YES;
				CLANG_ENABLE_OBJC_ARC = YES;
				CLANG_WARN_BLOCK_CAPTURE_AUTORELEASING = YES;
				CLANG_WARN_BOOL_CONVERSION = YES;
				CLANG_WARN_COMMA = YES;
				CLANG_WARN_CONSTANT_CONVERSION = YES;
				CLANG_WARN_DEPRECATED_OBJC_IMPLEMENTATIONS = YES;
				CLANG_WARN_DIRECT_OBJC_ISA_USAGE = YES_ERROR;
				CLANG_WARN_DOCUMENTATION_COMMENTS = YES;
				CLANG_WARN_EMPTY_BODY = YES;
				CLANG_WARN_ENUM_CONVERSION = YES;
				CLANG_WARN_INFINITE_RECURSION = YES;
				CLANG_WARN_INT_CONVERSION = YES;
				CLANG_WARN_NON_LITERAL_NULL_CONVERSION = YES;
				CLANG_WARN_OBJC_IMPLICIT_RETAIN_SELF = YES;
				CLANG_WARN_OBJC_LITERAL_CONVERSION = YES;
				CLANG_WARN_OBJC_ROOT_CLASS = YES_ERROR;
				CLANG_WARN_RANGE_LOOP_ANALYSIS = YES;
				CLANG_WARN_STRICT_PROTOTYPES = YES;
				CLANG_WARN_SUSPICIOUS_MOVE = YES;
				CLANG_WARN_SUSPICIOUS_MOVES = YES;
				CLANG_WARN_UNREACHABLE_CODE = YES;
				CLANG_WARN__DUPLICATE_METHOD_MATCH = YES;
				"CODE_SIGN_IDENTITY[sdk=iphoneos*]" = "iPhone Developer";
				COPY_PHASE_STRIP = NO;
				DEBUG_INFORMATION_FORMAT = "dwarf-with-dsym";
				ENABLE_NS_ASSERTIONS = NO;
				ENABLE_STRICT_OBJC_MSGSEND = YES;
				GCC_C_LANGUAGE_STANDARD = gnu99;
				GCC_NO_COMMON_BLOCKS = YES;
				GCC_WARN_64_TO_32_BIT_CONVERSION = YES;
				GCC_WARN_ABOUT_RETURN_TYPE = YES_ERROR;
				GCC_WARN_UNDECLARED_SELECTOR = YES;
				GCC_WARN_UNINITIALIZED_AUTOS = YES_AGGRESSIVE;
				GCC_WARN_UNUSED_FUNCTION = YES;
				GCC_WARN_UNUSED_VARIABLE = YES;
				IPHONEOS_DEPLOYMENT_TARGET = 12.2;
				MTL_ENABLE_DEBUG_INFO = NO;
				SDKROOT = iphoneos;
				SWIFT_OPTIMIZATION_LEVEL = "-Owholemodule";
				TARGETED_DEVICE_FAMILY = "1,2";
				VALIDATE_PRODUCT = YES;
			};
			name = Release;
		};
		D5B24DEB1DEE393B00D33B5A /* Debug */ = {
			isa = XCBuildConfiguration;
			baseConfigurationReference = 9F8849BABDA5D961FCD7C601 /* Pods-Planet Pong.debug.xcconfig */;
			buildSettings = {
				ASSETCATALOG_COMPILER_APPICON_NAME = "AppIcon-2";
				DEVELOPMENT_TEAM = 72RBJN2RMF;
				INFOPLIST_FILE = "Basic Chat/Info.plist";
				IPHONEOS_DEPLOYMENT_TARGET = 12.2;
				LD_RUNPATH_SEARCH_PATHS = "$(inherited) @executable_path/Frameworks";
				PRODUCT_BUNDLE_IDENTIFIER = com.planetpong.ios;
				PRODUCT_NAME = "$(TARGET_NAME)";
				SWIFT_VERSION = 5.0;
				TARGETED_DEVICE_FAMILY = "1,2";
			};
			name = Debug;
		};
		D5B24DEC1DEE393B00D33B5A /* Release */ = {
			isa = XCBuildConfiguration;
			baseConfigurationReference = E97E9DBECEA3C9634F65F33F /* Pods-Planet Pong.release.xcconfig */;
			buildSettings = {
				ASSETCATALOG_COMPILER_APPICON_NAME = "AppIcon-2";
				DEVELOPMENT_TEAM = 72RBJN2RMF;
				INFOPLIST_FILE = "Basic Chat/Info.plist";
				IPHONEOS_DEPLOYMENT_TARGET = 12.2;
				LD_RUNPATH_SEARCH_PATHS = "$(inherited) @executable_path/Frameworks";
				PRODUCT_BUNDLE_IDENTIFIER = com.planetpong.ios;
				PRODUCT_NAME = "$(TARGET_NAME)";
				SWIFT_VERSION = 5.0;
				TARGETED_DEVICE_FAMILY = "1,2";
			};
			name = Release;
		};
/* End XCBuildConfiguration section */

/* Begin XCConfigurationList section */
		D5B24DD31DEE393B00D33B5A /* Build configuration list for PBXProject "Planet Pong" */ = {
			isa = XCConfigurationList;
			buildConfigurations = (
				D5B24DE81DEE393B00D33B5A /* Debug */,
				D5B24DE91DEE393B00D33B5A /* Release */,
			);
			defaultConfigurationIsVisible = 0;
			defaultConfigurationName = Release;
		};
		D5B24DEA1DEE393B00D33B5A /* Build configuration list for PBXNativeTarget "Planet Pong" */ = {
			isa = XCConfigurationList;
			buildConfigurations = (
				D5B24DEB1DEE393B00D33B5A /* Debug */,
				D5B24DEC1DEE393B00D33B5A /* Release */,
			);
			defaultConfigurationIsVisible = 0;
			defaultConfigurationName = Release;
		};
/* End XCConfigurationList section */
	};
	rootObject = D5B24DD01DEE393B00D33B5A /* Project object */;
}
