// !$*UTF8*$!
{
	archiveVersion = 1;
	classes = {
	};
	objectVersion = 46;
	objects = {

/* Begin PBXBuildFile section */
		040E756522ADD72300E4B1F7 /* GamemodeClassic.storyboard in Resources */ = {isa = PBXBuildFile; fileRef = 040E756422ADD72200E4B1F7 /* GamemodeClassic.storyboard */; };
		040E756722ADDB0900E4B1F7 /* ViewControllerHome.swift in Sources */ = {isa = PBXBuildFile; fileRef = 040E756622ADDB0900E4B1F7 /* ViewControllerHome.swift */; };
		040E756D22AF49C200E4B1F7 /* GamemodeSelection.storyboard in Resources */ = {isa = PBXBuildFile; fileRef = 040E756C22AF49C200E4B1F7 /* GamemodeSelection.storyboard */; };
		040E756F22AF49D700E4B1F7 /* ViewControllerGamemodeSelection.swift in Sources */ = {isa = PBXBuildFile; fileRef = 040E756E22AF49D700E4B1F7 /* ViewControllerGamemodeSelection.swift */; };
		040E757222AF4CF500E4B1F7 /* GameSettings.storyboard in Resources */ = {isa = PBXBuildFile; fileRef = 040E757122AF4CF500E4B1F7 /* GameSettings.storyboard */; };
		040E757422AF4D2500E4B1F7 /* ViewControllerGameSettings.swift in Sources */ = {isa = PBXBuildFile; fileRef = 040E757322AF4D2500E4B1F7 /* ViewControllerGameSettings.swift */; };
		040E757622AF4E1600E4B1F7 /* Tutorial.storyboard in Resources */ = {isa = PBXBuildFile; fileRef = 040E757522AF4E1600E4B1F7 /* Tutorial.storyboard */; };
		040E757822AF4E4D00E4B1F7 /* ViewControllerTutorial.swift in Sources */ = {isa = PBXBuildFile; fileRef = 040E757722AF4E4D00E4B1F7 /* ViewControllerTutorial.swift */; };
		040E757A22AF4E8900E4B1F7 /* GameResults.storyboard in Resources */ = {isa = PBXBuildFile; fileRef = 040E757922AF4E8900E4B1F7 /* GameResults.storyboard */; };
		040E757C22AF4EAE00E4B1F7 /* ViewControllerGameResults.swift in Sources */ = {isa = PBXBuildFile; fileRef = 040E757B22AF4EAE00E4B1F7 /* ViewControllerGameResults.swift */; };
		040F5FB622A4E35F00D243D3 /* logo1.png in Resources */ = {isa = PBXBuildFile; fileRef = 040F5FB522A4E35F00D243D3 /* logo1.png */; };
		040F5FB822A4E4F600D243D3 /* logo2.png in Resources */ = {isa = PBXBuildFile; fileRef = 040F5FB722A4E4F600D243D3 /* logo2.png */; };
		040F5FBA22A4E56C00D243D3 /* Home.storyboard in Resources */ = {isa = PBXBuildFile; fileRef = 040F5FB922A4E56C00D243D3 /* Home.storyboard */; };
		044DAC7D230267AE00BCA1C1 /* ViewControllerGamemodeWar.swift in Sources */ = {isa = PBXBuildFile; fileRef = 044DAC7C230267AE00BCA1C1 /* ViewControllerGamemodeWar.swift */; };
		044DAC7F2302680E00BCA1C1 /* GamemodeWar.storyboard in Resources */ = {isa = PBXBuildFile; fileRef = 044DAC7E2302680E00BCA1C1 /* GamemodeWar.storyboard */; };
		0457BBC822F2A79100188610 /* ViewControllerRulesSelection.swift in Sources */ = {isa = PBXBuildFile; fileRef = 0457BBC722F2A79100188610 /* ViewControllerRulesSelection.swift */; };
		0457BBCA22F2A80600188610 /* ViewControllerRulesController.swift in Sources */ = {isa = PBXBuildFile; fileRef = 0457BBC922F2A80600188610 /* ViewControllerRulesController.swift */; };
		046628752307E26A00F3ADA4 /* Myriad Pro Black Italic.otf in Resources */ = {isa = PBXBuildFile; fileRef = 046628732307E00900F3ADA4 /* Myriad Pro Black Italic.otf */; };
		046628762307E27B00F3ADA4 /* Myriad Pro Bold Italic.ttf in Resources */ = {isa = PBXBuildFile; fileRef = 046628742307E01F00F3ADA4 /* Myriad Pro Bold Italic.ttf */; };
		0482ADD522BFF0F700D6FF10 /* Scores.storyboard in Resources */ = {isa = PBXBuildFile; fileRef = 0482ADD022BFF0F700D6FF10 /* Scores.storyboard */; };
		0482ADD622BFF0F700D6FF10 /* ViewControllerClassicScores.swift in Sources */ = {isa = PBXBuildFile; fileRef = 0482ADD122BFF0F700D6FF10 /* ViewControllerClassicScores.swift */; };
		0482ADD722BFF0F700D6FF10 /* ViewControllerScores.swift in Sources */ = {isa = PBXBuildFile; fileRef = 0482ADD222BFF0F700D6FF10 /* ViewControllerScores.swift */; };
		0482ADD822BFF0F700D6FF10 /* ClassicScores.storyboard in Resources */ = {isa = PBXBuildFile; fileRef = 0482ADD322BFF0F700D6FF10 /* ClassicScores.storyboard */; };
		0482ADD922BFF0F700D6FF10 /* Gamemode.swift in Sources */ = {isa = PBXBuildFile; fileRef = 0482ADD422BFF0F700D6FF10 /* Gamemode.swift */; };
		0499223122FC76B300735F7D /* purplePlanet.png in Resources */ = {isa = PBXBuildFile; fileRef = 0499223022FC76B300735F7D /* purplePlanet.png */; };
		0499223522FC795400735F7D /* greenPlanet.png in Resources */ = {isa = PBXBuildFile; fileRef = 0499223422FC795400735F7D /* greenPlanet.png */; };
		0499223722FC795900735F7D /* bluePlanet.png in Resources */ = {isa = PBXBuildFile; fileRef = 0499223622FC795800735F7D /* bluePlanet.png */; };
		0499223922FC795F00735F7D /* redPlanet.png in Resources */ = {isa = PBXBuildFile; fileRef = 0499223822FC795F00735F7D /* redPlanet.png */; };
		049ACEC92305135800A551F3 /* ScreenTransitions.swift in Sources */ = {isa = PBXBuildFile; fileRef = 049ACEC82305135800A551F3 /* ScreenTransitions.swift */; };
		04CE8F0722E432CC0049138E /* ViewControllerRules.swift in Sources */ = {isa = PBXBuildFile; fileRef = 04CE8F0622E432CC0049138E /* ViewControllerRules.swift */; };
		04D4C6D32303AEC90079A72B /* mainMenuSong.mp3 in Resources */ = {isa = PBXBuildFile; fileRef = 04D4C6D22303AEC90079A72B /* mainMenuSong.mp3 */; };
		04D87EF022C1A1C100D92C3F /* Aldrich-Regular.ttf in Resources */ = {isa = PBXBuildFile; fileRef = 04D87EEF22C1A1C100D92C3F /* Aldrich-Regular.ttf */; };
		04DB86E022EFEDEE007E673C /* Sniper Mode.mp4 in Resources */ = {isa = PBXBuildFile; fileRef = 04DB86DF22EFEDED007E673C /* Sniper Mode.mp4 */; };
		04DB86E222EFFB80007E673C /* VideoPlayerView.swift in Sources */ = {isa = PBXBuildFile; fileRef = 04DB86E122EFFB80007E673C /* VideoPlayerView.swift */; };
		04DB86E422EFFC82007E673C /* VideoLooperView.swift in Sources */ = {isa = PBXBuildFile; fileRef = 04DB86E322EFFC82007E673C /* VideoLooperView.swift */; };
		04DB86E622EFFD9A007E673C /* VideoClip.swift in Sources */ = {isa = PBXBuildFile; fileRef = 04DB86E522EFFD9A007E673C /* VideoClip.swift */; };
		04E0570222EEA2DC00AAD456 /* ViewControllerHallOfFame.swift in Sources */ = {isa = PBXBuildFile; fileRef = 04E0570122EEA2DC00AAD456 /* ViewControllerHallOfFame.swift */; };
		7DA0D5942259653500D999BB /* ViewControllerGamemodeClassic.swift in Sources */ = {isa = PBXBuildFile; fileRef = 7DA0D5932259653500D999BB /* ViewControllerGamemodeClassic.swift */; };
		B1A0C03A91272541C6B0FDD6 /* Pods_Planet_Pong.framework in Frameworks */ = {isa = PBXBuildFile; fileRef = 1C17D20A246241E38D6F83C3 /* Pods_Planet_Pong.framework */; };
		D50657241DF2F4C8002B7557 /* UUIDKey.swift in Sources */ = {isa = PBXBuildFile; fileRef = D50657231DF2F4C8002B7557 /* UUIDKey.swift */; };
		D50657261DF45E04002B7557 /* UartModuleViewController.swift in Sources */ = {isa = PBXBuildFile; fileRef = D50657251DF45E04002B7557 /* UartModuleViewController.swift */; };
		D5B24DDC1DEE393B00D33B5A /* AppDelegate.swift in Sources */ = {isa = PBXBuildFile; fileRef = D5B24DDB1DEE393B00D33B5A /* AppDelegate.swift */; };
		D5B24DE11DEE393B00D33B5A /* Pairing.storyboard in Resources */ = {isa = PBXBuildFile; fileRef = D5B24DDF1DEE393B00D33B5A /* Pairing.storyboard */; settings = {ASSET_TAGS = (Un, ); }; };
		D5B24DE31DEE393B00D33B5A /* Assets.xcassets in Resources */ = {isa = PBXBuildFile; fileRef = D5B24DE21DEE393B00D33B5A /* Assets.xcassets */; };
		D5B24DE61DEE393B00D33B5A /* LaunchScreen.storyboard in Resources */ = {isa = PBXBuildFile; fileRef = D5B24DE41DEE393B00D33B5A /* LaunchScreen.storyboard */; };
		D5B24DEE1DEE399800D33B5A /* ViewControllerPairing.swift in Sources */ = {isa = PBXBuildFile; fileRef = D5B24DED1DEE399800D33B5A /* ViewControllerPairing.swift */; };
		D5B24DF11DEF153A00D33B5A /* PeripheralTableViewCell.swift in Sources */ = {isa = PBXBuildFile; fileRef = D5B24DEF1DEF153A00D33B5A /* PeripheralTableViewCell.swift */; };
/* End PBXBuildFile section */

/* Begin PBXFileReference section */
		040E756422ADD72200E4B1F7 /* GamemodeClassic.storyboard */ = {isa = PBXFileReference; fileEncoding = 4; lastKnownFileType = file.storyboard; path = GamemodeClassic.storyboard; sourceTree = "<group>"; };
		040E756622ADDB0900E4B1F7 /* ViewControllerHome.swift */ = {isa = PBXFileReference; lastKnownFileType = sourcecode.swift; name = ViewControllerHome.swift; path = "Basic Chat/Main Menu/ViewControllerHome.swift"; sourceTree = SOURCE_ROOT; };
		040E756C22AF49C200E4B1F7 /* GamemodeSelection.storyboard */ = {isa = PBXFileReference; lastKnownFileType = file.storyboard; path = GamemodeSelection.storyboard; sourceTree = "<group>"; };
		040E756E22AF49D700E4B1F7 /* ViewControllerGamemodeSelection.swift */ = {isa = PBXFileReference; lastKnownFileType = sourcecode.swift; path = ViewControllerGamemodeSelection.swift; sourceTree = "<group>"; };
		040E757122AF4CF500E4B1F7 /* GameSettings.storyboard */ = {isa = PBXFileReference; lastKnownFileType = file.storyboard; path = GameSettings.storyboard; sourceTree = "<group>"; };
		040E757322AF4D2500E4B1F7 /* ViewControllerGameSettings.swift */ = {isa = PBXFileReference; lastKnownFileType = sourcecode.swift; path = ViewControllerGameSettings.swift; sourceTree = "<group>"; };
		040E757522AF4E1600E4B1F7 /* Tutorial.storyboard */ = {isa = PBXFileReference; lastKnownFileType = file.storyboard; path = Tutorial.storyboard; sourceTree = "<group>"; };
		040E757722AF4E4D00E4B1F7 /* ViewControllerTutorial.swift */ = {isa = PBXFileReference; lastKnownFileType = sourcecode.swift; path = ViewControllerTutorial.swift; sourceTree = "<group>"; };
		040E757922AF4E8900E4B1F7 /* GameResults.storyboard */ = {isa = PBXFileReference; lastKnownFileType = file.storyboard; path = GameResults.storyboard; sourceTree = "<group>"; };
		040E757B22AF4EAE00E4B1F7 /* ViewControllerGameResults.swift */ = {isa = PBXFileReference; lastKnownFileType = sourcecode.swift; path = ViewControllerGameResults.swift; sourceTree = "<group>"; };
		040F5FB522A4E35F00D243D3 /* logo1.png */ = {isa = PBXFileReference; lastKnownFileType = image.png; path = logo1.png; sourceTree = "<group>"; };
		040F5FB722A4E4F600D243D3 /* logo2.png */ = {isa = PBXFileReference; lastKnownFileType = image.png; path = logo2.png; sourceTree = "<group>"; };
		040F5FB922A4E56C00D243D3 /* Home.storyboard */ = {isa = PBXFileReference; lastKnownFileType = file.storyboard; path = Home.storyboard; sourceTree = "<group>"; };
		044DAC7C230267AE00BCA1C1 /* ViewControllerGamemodeWar.swift */ = {isa = PBXFileReference; fileEncoding = 4; lastKnownFileType = sourcecode.swift; path = ViewControllerGamemodeWar.swift; sourceTree = "<group>"; };
		044DAC7E2302680E00BCA1C1 /* GamemodeWar.storyboard */ = {isa = PBXFileReference; fileEncoding = 4; lastKnownFileType = file.storyboard; path = GamemodeWar.storyboard; sourceTree = "<group>"; };
		0457BBC722F2A79100188610 /* ViewControllerRulesSelection.swift */ = {isa = PBXFileReference; lastKnownFileType = sourcecode.swift; path = ViewControllerRulesSelection.swift; sourceTree = "<group>"; };
		0457BBC922F2A80600188610 /* ViewControllerRulesController.swift */ = {isa = PBXFileReference; lastKnownFileType = sourcecode.swift; path = ViewControllerRulesController.swift; sourceTree = "<group>"; };
		046628732307E00900F3ADA4 /* Myriad Pro Black Italic.otf */ = {isa = PBXFileReference; lastKnownFileType = file; name = "Myriad Pro Black Italic.otf"; path = "Myriad Pro/Myriad Pro Black Italic.otf"; sourceTree = "<group>"; };
		046628742307E01F00F3ADA4 /* Myriad Pro Bold Italic.ttf */ = {isa = PBXFileReference; lastKnownFileType = file; name = "Myriad Pro Bold Italic.ttf"; path = "Myriad Pro/Myriad Pro Bold Italic.ttf"; sourceTree = "<group>"; };
		0482ADD022BFF0F700D6FF10 /* Scores.storyboard */ = {isa = PBXFileReference; fileEncoding = 4; lastKnownFileType = file.storyboard; path = Scores.storyboard; sourceTree = "<group>"; };
		0482ADD122BFF0F700D6FF10 /* ViewControllerClassicScores.swift */ = {isa = PBXFileReference; fileEncoding = 4; lastKnownFileType = sourcecode.swift; path = ViewControllerClassicScores.swift; sourceTree = "<group>"; };
		0482ADD222BFF0F700D6FF10 /* ViewControllerScores.swift */ = {isa = PBXFileReference; fileEncoding = 4; lastKnownFileType = sourcecode.swift; path = ViewControllerScores.swift; sourceTree = "<group>"; };
		0482ADD322BFF0F700D6FF10 /* ClassicScores.storyboard */ = {isa = PBXFileReference; fileEncoding = 4; lastKnownFileType = file.storyboard; path = ClassicScores.storyboard; sourceTree = "<group>"; };
		0482ADD422BFF0F700D6FF10 /* Gamemode.swift */ = {isa = PBXFileReference; fileEncoding = 4; lastKnownFileType = sourcecode.swift; path = Gamemode.swift; sourceTree = "<group>"; };
		0499223022FC76B300735F7D /* purplePlanet.png */ = {isa = PBXFileReference; lastKnownFileType = image.png; name = purplePlanet.png; path = "Basic Chat/Graphics/purplePlanet.png"; sourceTree = SOURCE_ROOT; };
		0499223422FC795400735F7D /* greenPlanet.png */ = {isa = PBXFileReference; lastKnownFileType = image.png; name = greenPlanet.png; path = "Basic Chat/Graphics/greenPlanet.png"; sourceTree = SOURCE_ROOT; };
		0499223622FC795800735F7D /* bluePlanet.png */ = {isa = PBXFileReference; lastKnownFileType = image.png; name = bluePlanet.png; path = "Basic Chat/Graphics/bluePlanet.png"; sourceTree = SOURCE_ROOT; };
		0499223822FC795F00735F7D /* redPlanet.png */ = {isa = PBXFileReference; lastKnownFileType = image.png; name = redPlanet.png; path = "Basic Chat/Graphics/redPlanet.png"; sourceTree = SOURCE_ROOT; };
		049ACEC82305135800A551F3 /* ScreenTransitions.swift */ = {isa = PBXFileReference; lastKnownFileType = sourcecode.swift; path = ScreenTransitions.swift; sourceTree = "<group>"; };
		04CE8F0622E432CC0049138E /* ViewControllerRules.swift */ = {isa = PBXFileReference; lastKnownFileType = sourcecode.swift; path = ViewControllerRules.swift; sourceTree = "<group>"; };
		04D4C6D22303AEC90079A72B /* mainMenuSong.mp3 */ = {isa = PBXFileReference; lastKnownFileType = audio.mp3; name = mainMenuSong.mp3; path = "Basic Chat/SFX/mainMenuSong.mp3"; sourceTree = SOURCE_ROOT; };
		04D87EEF22C1A1C100D92C3F /* Aldrich-Regular.ttf */ = {isa = PBXFileReference; lastKnownFileType = file; path = "Aldrich-Regular.ttf"; sourceTree = "<group>"; };
		04DB86DF22EFEDED007E673C /* Sniper Mode.mp4 */ = {isa = PBXFileReference; lastKnownFileType = file; name = "Sniper Mode.mp4"; path = "Basic Chat/Sniper Mode.mp4"; sourceTree = "<group>"; };
		04DB86E122EFFB80007E673C /* VideoPlayerView.swift */ = {isa = PBXFileReference; lastKnownFileType = sourcecode.swift; path = VideoPlayerView.swift; sourceTree = "<group>"; };
		04DB86E322EFFC82007E673C /* VideoLooperView.swift */ = {isa = PBXFileReference; lastKnownFileType = sourcecode.swift; path = VideoLooperView.swift; sourceTree = "<group>"; };
		04DB86E522EFFD9A007E673C /* VideoClip.swift */ = {isa = PBXFileReference; lastKnownFileType = sourcecode.swift; path = VideoClip.swift; sourceTree = "<group>"; };
		04DED16122FF1307000D9928 /* Myriad Pro Semibold.ttf */ = {isa = PBXFileReference; lastKnownFileType = file; name = "Myriad Pro Semibold.ttf"; path = "Myriad Pro/Myriad Pro Semibold.ttf"; sourceTree = "<group>"; };
		04E0570122EEA2DC00AAD456 /* ViewControllerHallOfFame.swift */ = {isa = PBXFileReference; lastKnownFileType = sourcecode.swift; path = ViewControllerHallOfFame.swift; sourceTree = "<group>"; };
		1C17D20A246241E38D6F83C3 /* Pods_Planet_Pong.framework */ = {isa = PBXFileReference; explicitFileType = wrapper.framework; includeInIndex = 0; path = Pods_Planet_Pong.framework; sourceTree = BUILT_PRODUCTS_DIR; };
		7DA0D5932259653500D999BB /* ViewControllerGamemodeClassic.swift */ = {isa = PBXFileReference; fileEncoding = 4; lastKnownFileType = sourcecode.swift; path = ViewControllerGamemodeClassic.swift; sourceTree = "<group>"; };
		9F8849BABDA5D961FCD7C601 /* Pods-Planet Pong.debug.xcconfig */ = {isa = PBXFileReference; includeInIndex = 1; lastKnownFileType = text.xcconfig; name = "Pods-Planet Pong.debug.xcconfig"; path = "Target Support Files/Pods-Planet Pong/Pods-Planet Pong.debug.xcconfig"; sourceTree = "<group>"; };
		D50657231DF2F4C8002B7557 /* UUIDKey.swift */ = {isa = PBXFileReference; fileEncoding = 4; lastKnownFileType = sourcecode.swift; path = UUIDKey.swift; sourceTree = "<group>"; };
		D50657251DF45E04002B7557 /* UartModuleViewController.swift */ = {isa = PBXFileReference; fileEncoding = 4; lastKnownFileType = sourcecode.swift; path = UartModuleViewController.swift; sourceTree = "<group>"; };
		D5B24DD81DEE393B00D33B5A /* Planet Pong.app */ = {isa = PBXFileReference; explicitFileType = wrapper.application; includeInIndex = 0; path = "Planet Pong.app"; sourceTree = BUILT_PRODUCTS_DIR; };
		D5B24DDB1DEE393B00D33B5A /* AppDelegate.swift */ = {isa = PBXFileReference; lastKnownFileType = sourcecode.swift; path = AppDelegate.swift; sourceTree = "<group>"; };
		D5B24DE01DEE393B00D33B5A /* Base */ = {isa = PBXFileReference; lastKnownFileType = file.storyboard; name = Base; path = Base.lproj/Pairing.storyboard; sourceTree = "<group>"; };
		D5B24DE21DEE393B00D33B5A /* Assets.xcassets */ = {isa = PBXFileReference; lastKnownFileType = folder.assetcatalog; path = Assets.xcassets; sourceTree = "<group>"; };
		D5B24DE51DEE393B00D33B5A /* Base */ = {isa = PBXFileReference; lastKnownFileType = file.storyboard; name = Base; path = Base.lproj/LaunchScreen.storyboard; sourceTree = "<group>"; };
		D5B24DE71DEE393B00D33B5A /* Info.plist */ = {isa = PBXFileReference; lastKnownFileType = text.plist.xml; path = Info.plist; sourceTree = "<group>"; };
		D5B24DED1DEE399800D33B5A /* ViewControllerPairing.swift */ = {isa = PBXFileReference; fileEncoding = 4; lastKnownFileType = sourcecode.swift; path = ViewControllerPairing.swift; sourceTree = "<group>"; };
		D5B24DEF1DEF153A00D33B5A /* PeripheralTableViewCell.swift */ = {isa = PBXFileReference; fileEncoding = 4; lastKnownFileType = sourcecode.swift; path = PeripheralTableViewCell.swift; sourceTree = "<group>"; };
		E97E9DBECEA3C9634F65F33F /* Pods-Planet Pong.release.xcconfig */ = {isa = PBXFileReference; includeInIndex = 1; lastKnownFileType = text.xcconfig; name = "Pods-Planet Pong.release.xcconfig"; path = "Target Support Files/Pods-Planet Pong/Pods-Planet Pong.release.xcconfig"; sourceTree = "<group>"; };
/* End PBXFileReference section */

/* Begin PBXFrameworksBuildPhase section */
		D5B24DD51DEE393B00D33B5A /* Frameworks */ = {
			isa = PBXFrameworksBuildPhase;
			buildActionMask = 2147483647;
			files = (
				B1A0C03A91272541C6B0FDD6 /* Pods_Planet_Pong.framework in Frameworks */,
			);
			runOnlyForDeploymentPostprocessing = 0;
		};
/* End PBXFrameworksBuildPhase section */

/* Begin PBXGroup section */
		040E756822AF496400E4B1F7 /* Game Results */ = {
			isa = PBXGroup;
			children = (
				040E757922AF4E8900E4B1F7 /* GameResults.storyboard */,
				040E757B22AF4EAE00E4B1F7 /* ViewControllerGameResults.swift */,
			);
			path = "Game Results";
			sourceTree = "<group>";
		};
		040E756922AF496E00E4B1F7 /* Tutorial */ = {
			isa = PBXGroup;
			children = (
				040E757522AF4E1600E4B1F7 /* Tutorial.storyboard */,
				040E757722AF4E4D00E4B1F7 /* ViewControllerTutorial.swift */,
				04DB86E122EFFB80007E673C /* VideoPlayerView.swift */,
				04DB86E322EFFC82007E673C /* VideoLooperView.swift */,
				04DB86E522EFFD9A007E673C /* VideoClip.swift */,
			);
			path = Tutorial;
			sourceTree = "<group>";
		};
		040E756A22AF497500E4B1F7 /* Game Settings */ = {
			isa = PBXGroup;
			children = (
				040E757122AF4CF500E4B1F7 /* GameSettings.storyboard */,
				040E757322AF4D2500E4B1F7 /* ViewControllerGameSettings.swift */,
			);
			path = "Game Settings";
			sourceTree = "<group>";
		};
		040E756B22AF499000E4B1F7 /* Gamemode Selection */ = {
			isa = PBXGroup;
			children = (
				040E756C22AF49C200E4B1F7 /* GamemodeSelection.storyboard */,
				040E756E22AF49D700E4B1F7 /* ViewControllerGamemodeSelection.swift */,
			);
			path = "Gamemode Selection";
			sourceTree = "<group>";
		};
		040F5FBB22A4E90B00D243D3 /* Bluetooth */ = {
			isa = PBXGroup;
			children = (
				D5B24DDF1DEE393B00D33B5A /* Pairing.storyboard */,
				D5B24DED1DEE399800D33B5A /* ViewControllerPairing.swift */,
				D50657251DF45E04002B7557 /* UartModuleViewController.swift */,
				D5B24DEF1DEF153A00D33B5A /* PeripheralTableViewCell.swift */,
				D5B24DDB1DEE393B00D33B5A /* AppDelegate.swift */,
				D50657231DF2F4C8002B7557 /* UUIDKey.swift */,
			);
			path = Bluetooth;
			sourceTree = "<group>";
		};
		040F5FBC22A4E91900D243D3 /* Gameplay */ = {
			isa = PBXGroup;
			children = (
				044DAC7E2302680E00BCA1C1 /* GamemodeWar.storyboard */,
				040E756422ADD72200E4B1F7 /* GamemodeClassic.storyboard */,
				7DA0D5932259653500D999BB /* ViewControllerGamemodeClassic.swift */,
				044DAC7C230267AE00BCA1C1 /* ViewControllerGamemodeWar.swift */,
			);
			path = Gameplay;
			sourceTree = "<group>";
		};
		040F5FBD22A4E92D00D243D3 /* Main Menu */ = {
			isa = PBXGroup;
			children = (
				040E756622ADDB0900E4B1F7 /* ViewControllerHome.swift */,
				040F5FB922A4E56C00D243D3 /* Home.storyboard */,
				0499223022FC76B300735F7D /* purplePlanet.png */,
				0499223422FC795400735F7D /* greenPlanet.png */,
				0499223622FC795800735F7D /* bluePlanet.png */,
				0499223822FC795F00735F7D /* redPlanet.png */,
				040F5FB522A4E35F00D243D3 /* logo1.png */,
				040F5FB722A4E4F600D243D3 /* logo2.png */,
				04CE8F0622E432CC0049138E /* ViewControllerRules.swift */,
				04E0570122EEA2DC00AAD456 /* ViewControllerHallOfFame.swift */,
				0457BBC722F2A79100188610 /* ViewControllerRulesSelection.swift */,
				0457BBC922F2A80600188610 /* ViewControllerRulesController.swift */,
			);
			path = "Main Menu";
			sourceTree = "<group>";
		};
		0482ADCF22BFF0F700D6FF10 /* Scores */ = {
			isa = PBXGroup;
			children = (
				0482ADD022BFF0F700D6FF10 /* Scores.storyboard */,
				0482ADD122BFF0F700D6FF10 /* ViewControllerClassicScores.swift */,
				0482ADD222BFF0F700D6FF10 /* ViewControllerScores.swift */,
				0482ADD322BFF0F700D6FF10 /* ClassicScores.storyboard */,
				0482ADD422BFF0F700D6FF10 /* Gamemode.swift */,
			);
			path = Scores;
			sourceTree = "<group>";
		};
		049ACEC72305133800A551F3 /* Screen Transitions */ = {
			isa = PBXGroup;
			children = (
				049ACEC82305135800A551F3 /* ScreenTransitions.swift */,
			);
			path = "Screen Transitions";
			sourceTree = "<group>";
		};
		04D4C6D12303AEAA0079A72B /* SFX */ = {
			isa = PBXGroup;
			children = (
				04D4C6D22303AEC90079A72B /* mainMenuSong.mp3 */,
			);
			name = SFX;
			path = ../SFX;
			sourceTree = "<group>";
		};
		04D87EEE22C1A1C100D92C3F /* Fonts */ = {
			isa = PBXGroup;
			children = (
				046628742307E01F00F3ADA4 /* Myriad Pro Bold Italic.ttf */,
				046628732307E00900F3ADA4 /* Myriad Pro Black Italic.otf */,
				04DED16122FF1307000D9928 /* Myriad Pro Semibold.ttf */,
				04D87EEF22C1A1C100D92C3F /* Aldrich-Regular.ttf */,
			);
			path = Fonts;
			sourceTree = "<group>";
		};
		21408B3B462819635B24DC53 /* Pods */ = {
			isa = PBXGroup;
			children = (
				9F8849BABDA5D961FCD7C601 /* Pods-Planet Pong.debug.xcconfig */,
				E97E9DBECEA3C9634F65F33F /* Pods-Planet Pong.release.xcconfig */,
			);
			path = Pods;
			sourceTree = "<group>";
		};
		8DF6EF9A734EBB47C91AF2DD /* Frameworks */ = {
			isa = PBXGroup;
			children = (
				1C17D20A246241E38D6F83C3 /* Pods_Planet_Pong.framework */,
			);
			name = Frameworks;
			sourceTree = "<group>";
		};
		D5B24DCF1DEE393B00D33B5A = {
			isa = PBXGroup;
			children = (
				04DB86DF22EFEDED007E673C /* Sniper Mode.mp4 */,
				D5B24DDA1DEE393B00D33B5A /* Basic Chat */,
				D5B24DD91DEE393B00D33B5A /* Products */,
				21408B3B462819635B24DC53 /* Pods */,
				8DF6EF9A734EBB47C91AF2DD /* Frameworks */,
			);
			sourceTree = "<group>";
		};
		D5B24DD91DEE393B00D33B5A /* Products */ = {
			isa = PBXGroup;
			children = (
				D5B24DD81DEE393B00D33B5A /* Planet Pong.app */,
			);
			name = Products;
			sourceTree = "<group>";
		};
		D5B24DDA1DEE393B00D33B5A /* Basic Chat */ = {
			isa = PBXGroup;
			children = (
				049ACEC72305133800A551F3 /* Screen Transitions */,
				04D4C6D12303AEAA0079A72B /* SFX */,
				0482ADCF22BFF0F700D6FF10 /* Scores */,
				04D87EEE22C1A1C100D92C3F /* Fonts */,
				040E756B22AF499000E4B1F7 /* Gamemode Selection */,
				040E756A22AF497500E4B1F7 /* Game Settings */,
				040E756922AF496E00E4B1F7 /* Tutorial */,
				040E756822AF496400E4B1F7 /* Game Results */,
				040F5FBD22A4E92D00D243D3 /* Main Menu */,
				040F5FBC22A4E91900D243D3 /* Gameplay */,
				040F5FBB22A4E90B00D243D3 /* Bluetooth */,
				D5B24DE21DEE393B00D33B5A /* Assets.xcassets */,
				D5B24DE41DEE393B00D33B5A /* LaunchScreen.storyboard */,
				D5B24DE71DEE393B00D33B5A /* Info.plist */,
			);
			path = "Basic Chat";
			sourceTree = "<group>";
		};
/* End PBXGroup section */

/* Begin PBXNativeTarget section */
		D5B24DD71DEE393B00D33B5A /* Planet Pong */ = {
			isa = PBXNativeTarget;
			buildConfigurationList = D5B24DEA1DEE393B00D33B5A /* Build configuration list for PBXNativeTarget "Planet Pong" */;
			buildPhases = (
				445662D4C94FD8794C2CD52A /* [CP] Check Pods Manifest.lock */,
				D5B24DD41DEE393B00D33B5A /* Sources */,
				D5B24DD51DEE393B00D33B5A /* Frameworks */,
				D5B24DD61DEE393B00D33B5A /* Resources */,
				868C0701DB2D45C982B35011 /* [CP] Embed Pods Frameworks */,
			);
			buildRules = (
			);
			dependencies = (
			);
			name = "Planet Pong";
			productName = "Basic Chat";
			productReference = D5B24DD81DEE393B00D33B5A /* Planet Pong.app */;
			productType = "com.apple.product-type.application";
		};
/* End PBXNativeTarget section */

/* Begin PBXProject section */
		D5B24DD01DEE393B00D33B5A /* Project object */ = {
			isa = PBXProject;
			attributes = {
				KnownAssetTags = (
					Un,
				);
				LastSwiftUpdateCheck = 0800;
				LastUpgradeCheck = 1020;
				ORGANIZATIONNAME = "Vanguard Logic LLC";
				TargetAttributes = {
					D5B24DD71DEE393B00D33B5A = {
						CreatedOnToolsVersion = 8.0;
						DevelopmentTeam = 72RBJN2RMF;
						LastSwiftMigration = 1020;
						ProvisioningStyle = Automatic;
					};
				};
			};
			buildConfigurationList = D5B24DD31DEE393B00D33B5A /* Build configuration list for PBXProject "Planet Pong" */;
			compatibilityVersion = "Xcode 3.2";
			developmentRegion = en;
			hasScannedForEncodings = 0;
			knownRegions = (
				en,
				Base,
			);
			mainGroup = D5B24DCF1DEE393B00D33B5A;
			productRefGroup = D5B24DD91DEE393B00D33B5A /* Products */;
			projectDirPath = "";
			projectRoot = "";
			targets = (
				D5B24DD71DEE393B00D33B5A /* Planet Pong */,
			);
		};
/* End PBXProject section */

/* Begin PBXResourcesBuildPhase section */
		D5B24DD61DEE393B00D33B5A /* Resources */ = {
			isa = PBXResourcesBuildPhase;
			buildActionMask = 2147483647;
			files = (
				04D4C6D32303AEC90079A72B /* mainMenuSong.mp3 in Resources */,
				04DB86E022EFEDEE007E673C /* Sniper Mode.mp4 in Resources */,
				0499223522FC795400735F7D /* greenPlanet.png in Resources */,
				040E757622AF4E1600E4B1F7 /* Tutorial.storyboard in Resources */,
				0499223922FC795F00735F7D /* redPlanet.png in Resources */,
				040E757A22AF4E8900E4B1F7 /* GameResults.storyboard in Resources */,
				040E756D22AF49C200E4B1F7 /* GamemodeSelection.storyboard in Resources */,
				044DAC7F2302680E00BCA1C1 /* GamemodeWar.storyboard in Resources */,
				D5B24DE61DEE393B00D33B5A /* LaunchScreen.storyboard in Resources */,
				040E756522ADD72300E4B1F7 /* GamemodeClassic.storyboard in Resources */,
				040F5FB822A4E4F600D243D3 /* logo2.png in Resources */,
				D5B24DE31DEE393B00D33B5A /* Assets.xcassets in Resources */,
				0482ADD522BFF0F700D6FF10 /* Scores.storyboard in Resources */,
				040F5FBA22A4E56C00D243D3 /* Home.storyboard in Resources */,
				04D87EF022C1A1C100D92C3F /* Aldrich-Regular.ttf in Resources */,
				0482ADD822BFF0F700D6FF10 /* ClassicScores.storyboard in Resources */,
				046628752307E26A00F3ADA4 /* Myriad Pro Black Italic.otf in Resources */,
				040E757222AF4CF500E4B1F7 /* GameSettings.storyboard in Resources */,
				046628762307E27B00F3ADA4 /* Myriad Pro Bold Italic.ttf in Resources */,
				040F5FB622A4E35F00D243D3 /* logo1.png in Resources */,
				D5B24DE11DEE393B00D33B5A /* Pairing.storyboard in Resources */,
				0499223122FC76B300735F7D /* purplePlanet.png in Resources */,
				0499223722FC795900735F7D /* bluePlanet.png in Resources */,
			);
			runOnlyForDeploymentPostprocessing = 0;
		};
/* End PBXResourcesBuildPhase section */

/* Begin PBXShellScriptBuildPhase section */
		445662D4C94FD8794C2CD52A /* [CP] Check Pods Manifest.lock */ = {
			isa = PBXShellScriptBuildPhase;
			buildActionMask = 2147483647;
			files = (
			);
			inputFileListPaths = (
			);
			inputPaths = (
				"${PODS_PODFILE_DIR_PATH}/Podfile.lock",
				"${PODS_ROOT}/Manifest.lock",
			);
			name = "[CP] Check Pods Manifest.lock";
			outputFileListPaths = (
			);
			outputPaths = (
				"$(DERIVED_FILE_DIR)/Pods-Planet Pong-checkManifestLockResult.txt",
			);
			runOnlyForDeploymentPostprocessing = 0;
			shellPath = /bin/sh;
			shellScript = "diff \"${PODS_PODFILE_DIR_PATH}/Podfile.lock\" \"${PODS_ROOT}/Manifest.lock\" > /dev/null\nif [ $? != 0 ] ; then\n    # print error to STDERR\n    echo \"error: The sandbox is not in sync with the Podfile.lock. Run 'pod install' or update your CocoaPods installation.\" >&2\n    exit 1\nfi\n# This output is used by Xcode 'outputs' to avoid re-running this script phase.\necho \"SUCCESS\" > \"${SCRIPT_OUTPUT_FILE_0}\"\n";
			showEnvVarsInLog = 0;
		};
		868C0701DB2D45C982B35011 /* [CP] Embed Pods Frameworks */ = {
			isa = PBXShellScriptBuildPhase;
			buildActionMask = 2147483647;
			files = (
			);
			inputPaths = (
				"${PODS_ROOT}/Target Support Files/Pods-Planet Pong/Pods-Planet Pong-frameworks.sh",
				"${BUILT_PRODUCTS_DIR}/StatusAlert/StatusAlert.framework",
			);
			name = "[CP] Embed Pods Frameworks";
			outputPaths = (
				"${TARGET_BUILD_DIR}/${FRAMEWORKS_FOLDER_PATH}/StatusAlert.framework",
			);
			runOnlyForDeploymentPostprocessing = 0;
			shellPath = /bin/sh;
			shellScript = "\"${PODS_ROOT}/Target Support Files/Pods-Planet Pong/Pods-Planet Pong-frameworks.sh\"\n";
			showEnvVarsInLog = 0;
		};
/* End PBXShellScriptBuildPhase section */

/* Begin PBXSourcesBuildPhase section */
		D5B24DD41DEE393B00D33B5A /* Sources */ = {
			isa = PBXSourcesBuildPhase;
			buildActionMask = 2147483647;
			files = (
				0482ADD622BFF0F700D6FF10 /* ViewControllerClassicScores.swift in Sources */,
				04CE8F0722E432CC0049138E /* ViewControllerRules.swift in Sources */,
				040E757C22AF4EAE00E4B1F7 /* ViewControllerGameResults.swift in Sources */,
				04DB86E222EFFB80007E673C /* VideoPlayerView.swift in Sources */,
				D50657241DF2F4C8002B7557 /* UUIDKey.swift in Sources */,
				049ACEC92305135800A551F3 /* ScreenTransitions.swift in Sources */,
				04DB86E422EFFC82007E673C /* VideoLooperView.swift in Sources */,
				D5B24DEE1DEE399800D33B5A /* ViewControllerPairing.swift in Sources */,
				040E756722ADDB0900E4B1F7 /* ViewControllerHome.swift in Sources */,
				044DAC7D230267AE00BCA1C1 /* ViewControllerGamemodeWar.swift in Sources */,
				7DA0D5942259653500D999BB /* ViewControllerGamemodeClassic.swift in Sources */,
				04E0570222EEA2DC00AAD456 /* ViewControllerHallOfFame.swift in Sources */,
				040E756F22AF49D700E4B1F7 /* ViewControllerGamemodeSelection.swift in Sources */,
				D5B24DDC1DEE393B00D33B5A /* AppDelegate.swift in Sources */,
				0457BBC822F2A79100188610 /* ViewControllerRulesSelection.swift in Sources */,
				0482ADD922BFF0F700D6FF10 /* Gamemode.swift in Sources */,
				0482ADD722BFF0F700D6FF10 /* ViewControllerScores.swift in Sources */,
				0457BBCA22F2A80600188610 /* ViewControllerRulesController.swift in Sources */,
				D50657261DF45E04002B7557 /* UartModuleViewController.swift in Sources */,
				D5B24DF11DEF153A00D33B5A /* PeripheralTableViewCell.swift in Sources */,
				04DB86E622EFFD9A007E673C /* VideoClip.swift in Sources */,
				040E757822AF4E4D00E4B1F7 /* ViewControllerTutorial.swift in Sources */,
				040E757422AF4D2500E4B1F7 /* ViewControllerGameSettings.swift in Sources */,
			);
			runOnlyForDeploymentPostprocessing = 0;
		};
/* End PBXSourcesBuildPhase section */

/* Begin PBXVariantGroup section */
		D5B24DDF1DEE393B00D33B5A /* Pairing.storyboard */ = {
			isa = PBXVariantGroup;
			children = (
				D5B24DE01DEE393B00D33B5A /* Base */,
			);
			name = Pairing.storyboard;
			sourceTree = "<group>";
		};
		D5B24DE41DEE393B00D33B5A /* LaunchScreen.storyboard */ = {
			isa = PBXVariantGroup;
			children = (
				D5B24DE51DEE393B00D33B5A /* Base */,
			);
			name = LaunchScreen.storyboard;
			sourceTree = "<group>";
		};
/* End PBXVariantGroup section */

/* Begin XCBuildConfiguration section */
		D5B24DE81DEE393B00D33B5A /* Debug */ = {
			isa = XCBuildConfiguration;
			buildSettings = {
				ALWAYS_SEARCH_USER_PATHS = NO;
				CLANG_ANALYZER_LOCALIZABILITY_NONLOCALIZED = YES;
				CLANG_ANALYZER_NONNULL = YES;
				CLANG_CXX_LANGUAGE_STANDARD = "gnu++0x";
				CLANG_CXX_LIBRARY = "libc++";
				CLANG_ENABLE_MODULES = YES;
				CLANG_ENABLE_OBJC_ARC = YES;
				CLANG_WARN_BLOCK_CAPTURE_AUTORELEASING = YES;
				CLANG_WARN_BOOL_CONVERSION = YES;
				CLANG_WARN_COMMA = YES;
				CLANG_WARN_CONSTANT_CONVERSION = YES;
				CLANG_WARN_DEPRECATED_OBJC_IMPLEMENTATIONS = YES;
				CLANG_WARN_DIRECT_OBJC_ISA_USAGE = YES_ERROR;
				CLANG_WARN_DOCUMENTATION_COMMENTS = YES;
				CLANG_WARN_EMPTY_BODY = YES;
				CLANG_WARN_ENUM_CONVERSION = YES;
				CLANG_WARN_INFINITE_RECURSION = YES;
				CLANG_WARN_INT_CONVERSION = YES;
				CLANG_WARN_NON_LITERAL_NULL_CONVERSION = YES;
				CLANG_WARN_OBJC_IMPLICIT_RETAIN_SELF = YES;
				CLANG_WARN_OBJC_LITERAL_CONVERSION = YES;
				CLANG_WARN_OBJC_ROOT_CLASS = YES_ERROR;
				CLANG_WARN_RANGE_LOOP_ANALYSIS = YES;
				CLANG_WARN_STRICT_PROTOTYPES = YES;
				CLANG_WARN_SUSPICIOUS_MOVE = YES;
				CLANG_WARN_SUSPICIOUS_MOVES = YES;
				CLANG_WARN_UNREACHABLE_CODE = YES;
				CLANG_WARN__DUPLICATE_METHOD_MATCH = YES;
				"CODE_SIGN_IDENTITY[sdk=iphoneos*]" = "iPhone Developer";
				COPY_PHASE_STRIP = NO;
				DEBUG_INFORMATION_FORMAT = dwarf;
				ENABLE_STRICT_OBJC_MSGSEND = YES;
				ENABLE_TESTABILITY = YES;
				GCC_C_LANGUAGE_STANDARD = gnu99;
				GCC_DYNAMIC_NO_PIC = NO;
				GCC_NO_COMMON_BLOCKS = YES;
				GCC_OPTIMIZATION_LEVEL = 0;
				GCC_PREPROCESSOR_DEFINITIONS = (
					"DEBUG=1",
					"$(inherited)",
				);
				GCC_WARN_64_TO_32_BIT_CONVERSION = YES;
				GCC_WARN_ABOUT_RETURN_TYPE = YES_ERROR;
				GCC_WARN_UNDECLARED_SELECTOR = YES;
				GCC_WARN_UNINITIALIZED_AUTOS = YES_AGGRESSIVE;
				GCC_WARN_UNUSED_FUNCTION = YES;
				GCC_WARN_UNUSED_VARIABLE = YES;
				IPHONEOS_DEPLOYMENT_TARGET = 12.2;
				MTL_ENABLE_DEBUG_INFO = YES;
				ONLY_ACTIVE_ARCH = YES;
				SDKROOT = iphoneos;
				SWIFT_ACTIVE_COMPILATION_CONDITIONS = DEBUG;
				SWIFT_OPTIMIZATION_LEVEL = "-Onone";
				TARGETED_DEVICE_FAMILY = "1,2";
			};
			name = Debug;
		};
		D5B24DE91DEE393B00D33B5A /* Release */ = {
			isa = XCBuildConfiguration;
			buildSettings = {
				ALWAYS_SEARCH_USER_PATHS = NO;
				CLANG_ANALYZER_LOCALIZABILITY_NONLOCALIZED = YES;
				CLANG_ANALYZER_NONNULL = YES;
				CLANG_CXX_LANGUAGE_STANDARD = "gnu++0x";
				CLANG_CXX_LIBRARY = "libc++";
				CLANG_ENABLE_MODULES = YES;
				CLANG_ENABLE_OBJC_ARC = YES;
				CLANG_WARN_BLOCK_CAPTURE_AUTORELEASING = YES;
				CLANG_WARN_BOOL_CONVERSION = YES;
				CLANG_WARN_COMMA = YES;
				CLANG_WARN_CONSTANT_CONVERSION = YES;
				CLANG_WARN_DEPRECATED_OBJC_IMPLEMENTATIONS = YES;
				CLANG_WARN_DIRECT_OBJC_ISA_USAGE = YES_ERROR;
				CLANG_WARN_DOCUMENTATION_COMMENTS = YES;
				CLANG_WARN_EMPTY_BODY = YES;
				CLANG_WARN_ENUM_CONVERSION = YES;
				CLANG_WARN_INFINITE_RECURSION = YES;
				CLANG_WARN_INT_CONVERSION = YES;
				CLANG_WARN_NON_LITERAL_NULL_CONVERSION = YES;
				CLANG_WARN_OBJC_IMPLICIT_RETAIN_SELF = YES;
				CLANG_WARN_OBJC_LITERAL_CONVERSION = YES;
				CLANG_WARN_OBJC_ROOT_CLASS = YES_ERROR;
				CLANG_WARN_RANGE_LOOP_ANALYSIS = YES;
				CLANG_WARN_STRICT_PROTOTYPES = YES;
				CLANG_WARN_SUSPICIOUS_MOVE = YES;
				CLANG_WARN_SUSPICIOUS_MOVES = YES;
				CLANG_WARN_UNREACHABLE_CODE = YES;
				CLANG_WARN__DUPLICATE_METHOD_MATCH = YES;
				"CODE_SIGN_IDENTITY[sdk=iphoneos*]" = "iPhone Developer";
				COPY_PHASE_STRIP = NO;
				DEBUG_INFORMATION_FORMAT = "dwarf-with-dsym";
				ENABLE_NS_ASSERTIONS = NO;
				ENABLE_STRICT_OBJC_MSGSEND = YES;
				GCC_C_LANGUAGE_STANDARD = gnu99;
				GCC_NO_COMMON_BLOCKS = YES;
				GCC_WARN_64_TO_32_BIT_CONVERSION = YES;
				GCC_WARN_ABOUT_RETURN_TYPE = YES_ERROR;
				GCC_WARN_UNDECLARED_SELECTOR = YES;
				GCC_WARN_UNINITIALIZED_AUTOS = YES_AGGRESSIVE;
				GCC_WARN_UNUSED_FUNCTION = YES;
				GCC_WARN_UNUSED_VARIABLE = YES;
				IPHONEOS_DEPLOYMENT_TARGET = 12.2;
				MTL_ENABLE_DEBUG_INFO = NO;
				SDKROOT = iphoneos;
				SWIFT_OPTIMIZATION_LEVEL = "-Owholemodule";
				TARGETED_DEVICE_FAMILY = "1,2";
				VALIDATE_PRODUCT = YES;
			};
			name = Release;
		};
		D5B24DEB1DEE393B00D33B5A /* Debug */ = {
			isa = XCBuildConfiguration;
			baseConfigurationReference = 9F8849BABDA5D961FCD7C601 /* Pods-Planet Pong.debug.xcconfig */;
			buildSettings = {
				ASSETCATALOG_COMPILER_APPICON_NAME = "AppIcon-2";
				DEVELOPMENT_TEAM = 72RBJN2RMF;
				INFOPLIST_FILE = "Basic Chat/Info.plist";
				IPHONEOS_DEPLOYMENT_TARGET = 12.2;
				LD_RUNPATH_SEARCH_PATHS = "$(inherited) @executable_path/Frameworks";
				PRODUCT_BUNDLE_IDENTIFIER = com.planetpong.ios;
				PRODUCT_NAME = "$(TARGET_NAME)";
				SWIFT_VERSION = 5.0;
				TARGETED_DEVICE_FAMILY = "1,2";
			};
			name = Debug;
		};
		D5B24DEC1DEE393B00D33B5A /* Release */ = {
			isa = XCBuildConfiguration;
			baseConfigurationReference = E97E9DBECEA3C9634F65F33F /* Pods-Planet Pong.release.xcconfig */;
			buildSettings = {
				ASSETCATALOG_COMPILER_APPICON_NAME = "AppIcon-2";
				DEVELOPMENT_TEAM = 72RBJN2RMF;
				INFOPLIST_FILE = "Basic Chat/Info.plist";
				IPHONEOS_DEPLOYMENT_TARGET = 12.2;
				LD_RUNPATH_SEARCH_PATHS = "$(inherited) @executable_path/Frameworks";
				PRODUCT_BUNDLE_IDENTIFIER = com.planetpong.ios;
				PRODUCT_NAME = "$(TARGET_NAME)";
				SWIFT_VERSION = 5.0;
				TARGETED_DEVICE_FAMILY = "1,2";
			};
			name = Release;
		};
/* End XCBuildConfiguration section */

/* Begin XCConfigurationList section */
		D5B24DD31DEE393B00D33B5A /* Build configuration list for PBXProject "Planet Pong" */ = {
			isa = XCConfigurationList;
			buildConfigurations = (
				D5B24DE81DEE393B00D33B5A /* Debug */,
				D5B24DE91DEE393B00D33B5A /* Release */,
			);
			defaultConfigurationIsVisible = 0;
			defaultConfigurationName = Release;
		};
		D5B24DEA1DEE393B00D33B5A /* Build configuration list for PBXNativeTarget "Planet Pong" */ = {
			isa = XCConfigurationList;
			buildConfigurations = (
				D5B24DEB1DEE393B00D33B5A /* Debug */,
				D5B24DEC1DEE393B00D33B5A /* Release */,
			);
			defaultConfigurationIsVisible = 0;
			defaultConfigurationName = Release;
		};
/* End XCConfigurationList section */
	};
	rootObject = D5B24DD01DEE393B00D33B5A /* Project object */;
}
